
Microsoft Visual Studio Solution File, Format Version 12.00
# Visual Studio 14
VisualStudioVersion = 14.0.25420.1
MinimumVisualStudioVersion = 10.0.40219.1
Project("{8BC9CEB8-8B4A-11D0-8D11-00A0C91BC942}") = "DynamicLibary", "DynamicLibary\DynamicLibary.vcxproj", "{5E5B8131-1691-4E8E-ABAC-DE9E5289C165}"
EndProject
Project("{8BC9CEB8-8B4A-11D0-8D11-00A0C91BC942}") = "DynamicTestApp", "DynamicTestApp\DynamicTestApp.vcxproj", "{CDB68644-4307-4061-A9AE-9AE1C75697E3}"
	ProjectSection(ProjectDependencies) = postProject
		{5E5B8131-1691-4E8E-ABAC-DE9E5289C165} = {5E5B8131-1691-4E8E-ABAC-DE9E5289C165}
	EndProjectSection
EndProject
Global
	GlobalSection(SolutionConfigurationPlatforms) = preSolution
		Debug|ARM = Debug|ARM
		Debug|x64 = Debug|x64
		Debug|x86 = Debug|x86
		Release|ARM = Release|ARM
		Release|x64 = Release|x64
		Release|x86 = Release|x86
	EndGlobalSection
	GlobalSection(ProjectConfigurationPlatforms) = postSolution
		{5E5B8131-1691-4E8E-ABAC-DE9E5289C165}.Debug|ARM.ActiveCfg = Debug|Win32
		{5E5B8131-1691-4E8E-ABAC-DE9E5289C165}.Debug|x64.ActiveCfg = Debug|x64
		{5E5B8131-1691-4E8E-ABAC-DE9E5289C165}.Debug|x64.Build.0 = Debug|x64
		{5E5B8131-1691-4E8E-ABAC-DE9E5289C165}.Debug|x86.ActiveCfg = Debug|Win32
		{5E5B8131-1691-4E8E-ABAC-DE9E5289C165}.Debug|x86.Build.0 = Debug|Win32
		{5E5B8131-1691-4E8E-ABAC-DE9E5289C165}.Release|ARM.ActiveCfg = Release|Win32
		{5E5B8131-1691-4E8E-ABAC-DE9E5289C165}.Release|x64.ActiveCfg = Release|x64
		{5E5B8131-1691-4E8E-ABAC-DE9E5289C165}.Release|x64.Build.0 = Release|x64
		{5E5B8131-1691-4E8E-ABAC-DE9E5289C165}.Release|x86.ActiveCfg = Release|Win32
		{5E5B8131-1691-4E8E-ABAC-DE9E5289C165}.Release|x86.Build.0 = Release|Win32
		{CDB68644-4307-4061-A9AE-9AE1C75697E3}.Debug|ARM.ActiveCfg = Debug|Win32
		{CDB68644-4307-4061-A9AE-9AE1C75697E3}.Debug|x64.ActiveCfg = Debug|x64
		{CDB68644-4307-4061-A9AE-9AE1C75697E3}.Debug|x64.Build.0 = Debug|x64
		{CDB68644-4307-4061-A9AE-9AE1C75697E3}.Debug|x86.ActiveCfg = Debug|Win32
		{CDB68644-4307-4061-A9AE-9AE1C75697E3}.Debug|x86.Build.0 = Debug|Win32
		{CDB68644-4307-4061-A9AE-9AE1C75697E3}.Release|ARM.ActiveCfg = Release|Win32
		{CDB68644-4307-4061-A9AE-9AE1C75697E3}.Release|x64.ActiveCfg = Release|x64
		{CDB68644-4307-4061-A9AE-9AE1C75697E3}.Release|x64.Build.0 = Release|x64
		{CDB68644-4307-4061-A9AE-9AE1C75697E3}.Release|x86.ActiveCfg = Release|Win32
		{CDB68644-4307-4061-A9AE-9AE1C75697E3}.Release|x86.Build.0 = Release|Win32
	EndGlobalSection
	GlobalSection(SolutionProperties) = preSolution
		HideSolutionNode = FALSE
	EndGlobalSection
EndGlobal
