
Microsoft Visual Studio Solution File, Format Version 11.00
# Visual Studio 2010
Project("{E24C65DC-7377-472B-9ABA-BC803B73C61A}") = "CredentialsService", "http://localhost/CredentialsService", "{D07886EF-CE7F-432B-AF10-5A1091D59537}"
	ProjectSection(WebsiteProperties) = preProject
		TargetFrameworkMoniker = ".NETFramework,Version%3Dv4.0"
		ProjectReferences = "{0858C710-AF53-4049-B98E-CFE3638D1228}|ServiceModelEx.dll;"
		Debug.AspNetCompiler.VirtualPath = "/CredentialsService"
		Debug.AspNetCompiler.PhysicalPath = "CredentialsService\"
		Debug.AspNetCompiler.TargetPath = "PrecompiledWeb\CredentialsService\"
		Debug.AspNetCompiler.Updateable = "true"
		Debug.AspNetCompiler.ForceOverwrite = "true"
		Debug.AspNetCompiler.FixedNames = "false"
		Debug.AspNetCompiler.Debug = "True"
		Release.AspNetCompiler.VirtualPath = "/CredentialsService"
		Release.AspNetCompiler.PhysicalPath = "CredentialsService\"
		Release.AspNetCompiler.TargetPath = "PrecompiledWeb\CredentialsService\"
		Release.AspNetCompiler.Updateable = "true"
		Release.AspNetCompiler.ForceOverwrite = "true"
		Release.AspNetCompiler.FixedNames = "false"
		Release.AspNetCompiler.Debug = "False"
		SlnRelativePath = "CredentialsService\"
	EndProjectSection
EndProject
Project("{FAE04EC0-301F-11D3-BF4B-00C04F79EFBC}") = "CredentialsManager", "CredentialsManagerClient\CredentialsManager.csproj", "{32AEDA90-AC16-46B5-9869-485103141292}"
EndProject
Project("{FAE04EC0-301F-11D3-BF4B-00C04F79EFBC}") = "ServiceModelEx", "..\..\ServiceModelEx\ServiceModelEx.csproj", "{0858C710-AF53-4049-B98E-CFE3638D1228}"
EndProject
Project("{FAE04EC0-301F-11D3-BF4B-00C04F79EFBC}") = "CredentialsServiceHost", "CredentialsServiceHost\CredentialsServiceHost.csproj", "{B1785431-F581-40C6-8606-2688BA56831A}"
EndProject
Global
	GlobalSection(SolutionConfigurationPlatforms) = preSolution
		Debug|Any CPU = Debug|Any CPU
		Debug|Mixed Platforms = Debug|Mixed Platforms
		Release|Any CPU = Release|Any CPU
		Release|Mixed Platforms = Release|Mixed Platforms
	EndGlobalSection
	GlobalSection(ProjectConfigurationPlatforms) = postSolution
		{D07886EF-CE7F-432B-AF10-5A1091D59537}.Debug|Any CPU.ActiveCfg = Debug|Any CPU
		{D07886EF-CE7F-432B-AF10-5A1091D59537}.Debug|Any CPU.Build.0 = Debug|Any CPU
		{D07886EF-CE7F-432B-AF10-5A1091D59537}.Debug|Mixed Platforms.ActiveCfg = Debug|Any CPU
		{D07886EF-CE7F-432B-AF10-5A1091D59537}.Debug|Mixed Platforms.Build.0 = Debug|Any CPU
		{D07886EF-CE7F-432B-AF10-5A1091D59537}.Release|Any CPU.ActiveCfg = Debug|Any CPU
		{D07886EF-CE7F-432B-AF10-5A1091D59537}.Release|Any CPU.Build.0 = Debug|Any CPU
		{D07886EF-CE7F-432B-AF10-5A1091D59537}.Release|Mixed Platforms.ActiveCfg = Debug|Any CPU
		{D07886EF-CE7F-432B-AF10-5A1091D59537}.Release|Mixed Platforms.Build.0 = Debug|Any CPU
		{32AEDA90-AC16-46B5-9869-485103141292}.Debug|Any CPU.ActiveCfg = Debug|Any CPU
		{32AEDA90-AC16-46B5-9869-485103141292}.Debug|Any CPU.Build.0 = Debug|Any CPU
		{32AEDA90-AC16-46B5-9869-485103141292}.Debug|Mixed Platforms.ActiveCfg = Debug|Any CPU
		{32AEDA90-AC16-46B5-9869-485103141292}.Debug|Mixed Platforms.Build.0 = Debug|Any CPU
		{32AEDA90-AC16-46B5-9869-485103141292}.Release|Any CPU.ActiveCfg = Release|Any CPU
		{32AEDA90-AC16-46B5-9869-485103141292}.Release|Any CPU.Build.0 = Release|Any CPU
		{32AEDA90-AC16-46B5-9869-485103141292}.Release|Mixed Platforms.ActiveCfg = Release|Any CPU
		{32AEDA90-AC16-46B5-9869-485103141292}.Release|Mixed Platforms.Build.0 = Release|Any CPU
		{0858C710-AF53-4049-B98E-CFE3638D1228}.Debug|Any CPU.ActiveCfg = Debug|Any CPU
		{0858C710-AF53-4049-B98E-CFE3638D1228}.Debug|Any CPU.Build.0 = Debug|Any CPU
		{0858C710-AF53-4049-B98E-CFE3638D1228}.Debug|Mixed Platforms.ActiveCfg = Debug|Any CPU
		{0858C710-AF53-4049-B98E-CFE3638D1228}.Debug|Mixed Platforms.Build.0 = Debug|Any CPU
		{0858C710-AF53-4049-B98E-CFE3638D1228}.Release|Any CPU.ActiveCfg = Release|Any CPU
		{0858C710-AF53-4049-B98E-CFE3638D1228}.Release|Any CPU.Build.0 = Release|Any CPU
		{0858C710-AF53-4049-B98E-CFE3638D1228}.Release|Mixed Platforms.ActiveCfg = Release|Any CPU
		{0858C710-AF53-4049-B98E-CFE3638D1228}.Release|Mixed Platforms.Build.0 = Release|Any CPU
		{B1785431-F581-40C6-8606-2688BA56831A}.Debug|Any CPU.ActiveCfg = Debug|Any CPU
		{B1785431-F581-40C6-8606-2688BA56831A}.Debug|Any CPU.Build.0 = Debug|Any CPU
		{B1785431-F581-40C6-8606-2688BA56831A}.Debug|Mixed Platforms.ActiveCfg = Debug|Any CPU
		{B1785431-F581-40C6-8606-2688BA56831A}.Debug|Mixed Platforms.Build.0 = Debug|Any CPU
		{B1785431-F581-40C6-8606-2688BA56831A}.Release|Any CPU.ActiveCfg = Release|Any CPU
		{B1785431-F581-40C6-8606-2688BA56831A}.Release|Any CPU.Build.0 = Release|Any CPU
		{B1785431-F581-40C6-8606-2688BA56831A}.Release|Mixed Platforms.ActiveCfg = Release|Any CPU
		{B1785431-F581-40C6-8606-2688BA56831A}.Release|Mixed Platforms.Build.0 = Release|Any CPU
	EndGlobalSection
	GlobalSection(SolutionProperties) = preSolution
		HideSolutionNode = FALSE
	EndGlobalSection
EndGlobal
