
Microsoft Visual Studio Solution File, Format Version 12.00
# Visual Studio 14
VisualStudioVersion = 14.0.25420.1
MinimumVisualStudioVersion = 10.0.40219.1
Project("{FAE04EC0-301F-11D3-BF4B-00C04F79EFBC}") = "BHOButton", "BHOButton\BHOButton.csproj", "{CFFDE8CC-017D-4FFF-849D-7FF72A66980C}"
EndProject
Global
	GlobalSection(SolutionConfigurationPlatforms) = preSolution
		Debug|Any CPU = Debug|Any CPU
		Release|Any CPU = Release|Any CPU
	EndGlobalSection
	GlobalSection(ProjectConfigurationPlatforms) = postSolution
		{CFFDE8CC-017D-4FFF-849D-7FF72A66980C}.Debug|Any CPU.ActiveCfg = Debug|Any CPU
		{CFFDE8CC-017D-4FFF-849D-7FF72A66980C}.Debug|Any CPU.Build.0 = Debug|Any CPU
		{CFFDE8CC-017D-4FFF-849D-7FF72A66980C}.Release|Any CPU.ActiveCfg = Release|Any CPU
		{CFFDE8CC-017D-4FFF-849D-7FF72A66980C}.Release|Any CPU.Build.0 = Release|Any CPU
	EndGlobalSection
	GlobalSection(SolutionProperties) = preSolution
		HideSolutionNode = FALSE
	EndGlobalSection
EndGlobal
