
Microsoft Visual Studio Solution File, Format Version 12.00
# Visual Studio 14
VisualStudioVersion = 14.0.23107.0
MinimumVisualStudioVersion = 10.0.40219.1
Project("{2150E333-8FDC-42A3-9474-1A3956D46DE8}") = "WaitHandle", "WaitHandle", "{0F889E81-DA70-4A38-972A-0657E498A372}"
EndProject
Project("{2150E333-8FDC-42A3-9474-1A3956D46DE8}") = "EventWaitHandle", "EventWaitHandle", "{4BB8D0C5-9CE2-4991-88C3-11F1EB7EBA47}"
EndProject
Project("{2150E333-8FDC-42A3-9474-1A3956D46DE8}") = "Semaphore", "Semaphore", "{3D1A2072-E43C-4AA3-8A29-E4DEB1E28013}"
EndProject
Project("{2150E333-8FDC-42A3-9474-1A3956D46DE8}") = "Mutex", "Mutex", "{05D79ECD-6AA9-42BD-95B1-F381882864A0}"
EndProject
Project("{FAE04EC0-301F-11D3-BF4B-00C04F79EFBC}") = "AutoResetEventDemo", "AutoResetEventDemo\AutoResetEventDemo.csproj", "{595B1EF1-F044-4D29-9A41-EE4EF270579E}"
EndProject
Project("{FAE04EC0-301F-11D3-BF4B-00C04F79EFBC}") = "ManualResetEventDemo", "ManualResetEventDemo\ManualResetEventDemo.csproj", "{BFE05ECC-7FE7-40CE-BDAB-736F701FE2DC}"
EndProject
Project("{2150E333-8FDC-42A3-9474-1A3956D46DE8}") = "Monitor", "Monitor", "{8EE29632-4794-4369-82B6-B9C7723CE02D}"
EndProject
Project("{FAE04EC0-301F-11D3-BF4B-00C04F79EFBC}") = "LockDemo", "LockDemo\LockDemo.csproj", "{CBC43308-CD2C-4960-ACE8-0FEDEC0D4640}"
EndProject
Project("{FAE04EC0-301F-11D3-BF4B-00C04F79EFBC}") = "MonitorDemo", "MonitorDemo\MonitorDemo.csproj", "{5A156762-D18F-40CC-94F1-4201403EA00B}"
EndProject
Project("{FAE04EC0-301F-11D3-BF4B-00C04F79EFBC}") = "ProducerConsumer", "ProducerConsumer\ProducerConsumer.csproj", "{2B3FE28E-A4DD-49BA-8B55-9946B7CAD119}"
EndProject
Project("{FAE04EC0-301F-11D3-BF4B-00C04F79EFBC}") = "MutexDemo", "MutexDemo\MutexDemo.csproj", "{78FF07A3-8CD1-404E-BDBB-C0674E4492C0}"
EndProject
Project("{FAE04EC0-301F-11D3-BF4B-00C04F79EFBC}") = "SemaphoreDemo", "SemaphoreDemo\SemaphoreDemo.csproj", "{36B6A596-E5B9-4A90-85A8-6B0EE52D8364}"
EndProject
Global
	GlobalSection(SolutionConfigurationPlatforms) = preSolution
		Debug|Any CPU = Debug|Any CPU
		Release|Any CPU = Release|Any CPU
	EndGlobalSection
	GlobalSection(ProjectConfigurationPlatforms) = postSolution
		{595B1EF1-F044-4D29-9A41-EE4EF270579E}.Debug|Any CPU.ActiveCfg = Debug|Any CPU
		{595B1EF1-F044-4D29-9A41-EE4EF270579E}.Debug|Any CPU.Build.0 = Debug|Any CPU
		{595B1EF1-F044-4D29-9A41-EE4EF270579E}.Release|Any CPU.ActiveCfg = Release|Any CPU
		{595B1EF1-F044-4D29-9A41-EE4EF270579E}.Release|Any CPU.Build.0 = Release|Any CPU
		{BFE05ECC-7FE7-40CE-BDAB-736F701FE2DC}.Debug|Any CPU.ActiveCfg = Debug|Any CPU
		{BFE05ECC-7FE7-40CE-BDAB-736F701FE2DC}.Debug|Any CPU.Build.0 = Debug|Any CPU
		{BFE05ECC-7FE7-40CE-BDAB-736F701FE2DC}.Release|Any CPU.ActiveCfg = Release|Any CPU
		{BFE05ECC-7FE7-40CE-BDAB-736F701FE2DC}.Release|Any CPU.Build.0 = Release|Any CPU
		{CBC43308-CD2C-4960-ACE8-0FEDEC0D4640}.Debug|Any CPU.ActiveCfg = Debug|Any CPU
		{CBC43308-CD2C-4960-ACE8-0FEDEC0D4640}.Debug|Any CPU.Build.0 = Debug|Any CPU
		{CBC43308-CD2C-4960-ACE8-0FEDEC0D4640}.Release|Any CPU.ActiveCfg = Release|Any CPU
		{CBC43308-CD2C-4960-ACE8-0FEDEC0D4640}.Release|Any CPU.Build.0 = Release|Any CPU
		{5A156762-D18F-40CC-94F1-4201403EA00B}.Debug|Any CPU.ActiveCfg = Debug|Any CPU
		{5A156762-D18F-40CC-94F1-4201403EA00B}.Debug|Any CPU.Build.0 = Debug|Any CPU
		{5A156762-D18F-40CC-94F1-4201403EA00B}.Release|Any CPU.ActiveCfg = Release|Any CPU
		{5A156762-D18F-40CC-94F1-4201403EA00B}.Release|Any CPU.Build.0 = Release|Any CPU
		{2B3FE28E-A4DD-49BA-8B55-9946B7CAD119}.Debug|Any CPU.ActiveCfg = Debug|Any CPU
		{2B3FE28E-A4DD-49BA-8B55-9946B7CAD119}.Debug|Any CPU.Build.0 = Debug|Any CPU
		{2B3FE28E-A4DD-49BA-8B55-9946B7CAD119}.Release|Any CPU.ActiveCfg = Release|Any CPU
		{2B3FE28E-A4DD-49BA-8B55-9946B7CAD119}.Release|Any CPU.Build.0 = Release|Any CPU
		{78FF07A3-8CD1-404E-BDBB-C0674E4492C0}.Debug|Any CPU.ActiveCfg = Debug|Any CPU
		{78FF07A3-8CD1-404E-BDBB-C0674E4492C0}.Debug|Any CPU.Build.0 = Debug|Any CPU
		{78FF07A3-8CD1-404E-BDBB-C0674E4492C0}.Release|Any CPU.ActiveCfg = Release|Any CPU
		{78FF07A3-8CD1-404E-BDBB-C0674E4492C0}.Release|Any CPU.Build.0 = Release|Any CPU
		{36B6A596-E5B9-4A90-85A8-6B0EE52D8364}.Debug|Any CPU.ActiveCfg = Debug|Any CPU
		{36B6A596-E5B9-4A90-85A8-6B0EE52D8364}.Debug|Any CPU.Build.0 = Debug|Any CPU
		{36B6A596-E5B9-4A90-85A8-6B0EE52D8364}.Release|Any CPU.ActiveCfg = Release|Any CPU
		{36B6A596-E5B9-4A90-85A8-6B0EE52D8364}.Release|Any CPU.Build.0 = Release|Any CPU
	EndGlobalSection
	GlobalSection(SolutionProperties) = preSolution
		HideSolutionNode = FALSE
	EndGlobalSection
	GlobalSection(NestedProjects) = preSolution
		{4BB8D0C5-9CE2-4991-88C3-11F1EB7EBA47} = {0F889E81-DA70-4A38-972A-0657E498A372}
		{3D1A2072-E43C-4AA3-8A29-E4DEB1E28013} = {0F889E81-DA70-4A38-972A-0657E498A372}
		{05D79ECD-6AA9-42BD-95B1-F381882864A0} = {0F889E81-DA70-4A38-972A-0657E498A372}
		{595B1EF1-F044-4D29-9A41-EE4EF270579E} = {4BB8D0C5-9CE2-4991-88C3-11F1EB7EBA47}
		{BFE05ECC-7FE7-40CE-BDAB-736F701FE2DC} = {4BB8D0C5-9CE2-4991-88C3-11F1EB7EBA47}
		{CBC43308-CD2C-4960-ACE8-0FEDEC0D4640} = {8EE29632-4794-4369-82B6-B9C7723CE02D}
		{5A156762-D18F-40CC-94F1-4201403EA00B} = {8EE29632-4794-4369-82B6-B9C7723CE02D}
		{2B3FE28E-A4DD-49BA-8B55-9946B7CAD119} = {8EE29632-4794-4369-82B6-B9C7723CE02D}
		{78FF07A3-8CD1-404E-BDBB-C0674E4492C0} = {05D79ECD-6AA9-42BD-95B1-F381882864A0}
		{36B6A596-E5B9-4A90-85A8-6B0EE52D8364} = {3D1A2072-E43C-4AA3-8A29-E4DEB1E28013}
	EndGlobalSection
EndGlobal
