
Microsoft Visual Studio Solution File, Format Version 12.00
# Visual Studio 14
VisualStudioVersion = 14.0.25420.1
MinimumVisualStudioVersion = 10.0.40219.1
Project("{FAE04EC0-301F-11D3-BF4B-00C04F79EFBC}") = "StructLayoutDemo", "StructLayoutDemo\StructLayoutDemo.csproj", "{C5AF31C3-33AE-453F-A2F0-B9B23F0CD901}"
EndProject
Project("{FAE04EC0-301F-11D3-BF4B-00C04F79EFBC}") = "NetworkSerializeDemo", "NetworkSerializeDemo\NetworkSerializeDemo.csproj", "{B6F5FD8F-ACDF-4843-8C0E-0674ACD7B731}"
EndProject
Project("{FAE04EC0-301F-11D3-BF4B-00C04F79EFBC}") = "PackingAndUnPacking", "PackingAndUnPacking\PackingAndUnPacking.csproj", "{9D67F373-9C8B-494F-8ADF-4D475101CE67}"
EndProject
Project("{FAE04EC0-301F-11D3-BF4B-00C04F79EFBC}") = "NetworkSerialize", "NetworkSerialize\NetworkSerialize.csproj", "{1867610A-A4C2-4FAF-A124-B388C7058804}"
EndProject
Global
	GlobalSection(SolutionConfigurationPlatforms) = preSolution
		Debug|Any CPU = Debug|Any CPU
		Release|Any CPU = Release|Any CPU
	EndGlobalSection
	GlobalSection(ProjectConfigurationPlatforms) = postSolution
		{C5AF31C3-33AE-453F-A2F0-B9B23F0CD901}.Debug|Any CPU.ActiveCfg = Debug|Any CPU
		{C5AF31C3-33AE-453F-A2F0-B9B23F0CD901}.Debug|Any CPU.Build.0 = Debug|Any CPU
		{C5AF31C3-33AE-453F-A2F0-B9B23F0CD901}.Release|Any CPU.ActiveCfg = Release|Any CPU
		{C5AF31C3-33AE-453F-A2F0-B9B23F0CD901}.Release|Any CPU.Build.0 = Release|Any CPU
		{B6F5FD8F-ACDF-4843-8C0E-0674ACD7B731}.Debug|Any CPU.ActiveCfg = Debug|Any CPU
		{B6F5FD8F-ACDF-4843-8C0E-0674ACD7B731}.Debug|Any CPU.Build.0 = Debug|Any CPU
		{B6F5FD8F-ACDF-4843-8C0E-0674ACD7B731}.Release|Any CPU.ActiveCfg = Release|Any CPU
		{B6F5FD8F-ACDF-4843-8C0E-0674ACD7B731}.Release|Any CPU.Build.0 = Release|Any CPU
		{9D67F373-9C8B-494F-8ADF-4D475101CE67}.Debug|Any CPU.ActiveCfg = Debug|Any CPU
		{9D67F373-9C8B-494F-8ADF-4D475101CE67}.Debug|Any CPU.Build.0 = Debug|Any CPU
		{9D67F373-9C8B-494F-8ADF-4D475101CE67}.Release|Any CPU.ActiveCfg = Release|Any CPU
		{9D67F373-9C8B-494F-8ADF-4D475101CE67}.Release|Any CPU.Build.0 = Release|Any CPU
		{1867610A-A4C2-4FAF-A124-B388C7058804}.Debug|Any CPU.ActiveCfg = Debug|Any CPU
		{1867610A-A4C2-4FAF-A124-B388C7058804}.Debug|Any CPU.Build.0 = Debug|Any CPU
		{1867610A-A4C2-4FAF-A124-B388C7058804}.Release|Any CPU.ActiveCfg = Release|Any CPU
		{1867610A-A4C2-4FAF-A124-B388C7058804}.Release|Any CPU.Build.0 = Release|Any CPU
	EndGlobalSection
	GlobalSection(SolutionProperties) = preSolution
		HideSolutionNode = FALSE
	EndGlobalSection
EndGlobal
