
Microsoft Visual Studio Solution File, Format Version 12.00
# Visual Studio 14
VisualStudioVersion = 14.0.25420.1
MinimumVisualStudioVersion = 10.0.40219.1
Project("{FAE04EC0-301F-11D3-BF4B-00C04F79EFBC}") = "Rep", "Rep\Rep.csproj", "{E12C7EF5-C2F1-4A14-AD3D-8163996CF4E2}"
EndProject
Project("{FAE04EC0-301F-11D3-BF4B-00C04F79EFBC}") = "Req", "Req\Req.csproj", "{30C370BE-753D-4621-B700-5F6D5615985E}"
EndProject
Project("{FAE04EC0-301F-11D3-BF4B-00C04F79EFBC}") = "Pub", "Pub\Pub.csproj", "{2BB8C4EA-F724-4D40-B26E-CF1C71864E99}"
EndProject
Project("{FAE04EC0-301F-11D3-BF4B-00C04F79EFBC}") = "Sub", "Sub\Sub.csproj", "{F4BECDBC-5DBB-4F25-8BED-C454DC1E21F0}"
EndProject
Project("{FAE04EC0-301F-11D3-BF4B-00C04F79EFBC}") = "Push(Task Distributor)", "Push\Push(Task Distributor).csproj", "{2D683B5D-A096-4EFA-A9A8-1A87586C70FB}"
EndProject
Project("{FAE04EC0-301F-11D3-BF4B-00C04F79EFBC}") = "Pull", "Pull\Pull.csproj", "{9F94B9CC-DDFA-4D3D-B995-1FFE4A193E1B}"
EndProject
Project("{FAE04EC0-301F-11D3-BF4B-00C04F79EFBC}") = "PullPushWorker", "PullPushWorker\PullPushWorker.csproj", "{837B6E96-07FF-47A3-931C-12C5FBEA7920}"
EndProject
Project("{2150E333-8FDC-42A3-9474-1A3956D46DE8}") = "Request-Reply Pattern (REQ-REP)", "Request-Reply Pattern (REQ-REP)", "{3EF446A4-2A4D-4903-BC84-97C3944A21B6}"
EndProject
Project("{2150E333-8FDC-42A3-9474-1A3956D46DE8}") = "Publish-Subscribe Pattern (PUB-SUB)", "Publish-Subscribe Pattern (PUB-SUB)", "{3B72C0A8-60E5-411F-AD5E-539A29C5B5FF}"
EndProject
Project("{2150E333-8FDC-42A3-9474-1A3956D46DE8}") = "Pipeline pattern (PUSH-PULL)", "Pipeline pattern (PUSH-PULL)", "{6758B310-8C1F-45C6-B0E2-AA6C9D9EC233}"
EndProject
Project("{2150E333-8FDC-42A3-9474-1A3956D46DE8}") = "Solution Items", "Solution Items", "{27736361-6841-4A6B-80E8-BA1CC4CDE25F}"
	ProjectSection(SolutionItems) = preProject
		MoreDemos.txt = MoreDemos.txt
	EndProjectSection
EndProject
Project("{FAE04EC0-301F-11D3-BF4B-00C04F79EFBC}") = "ReportVersion", "ReportVersion\ReportVersion.csproj", "{23728538-92DC-4490-BFE9-6F4FE916CE8D}"
EndProject
Global
	GlobalSection(SolutionConfigurationPlatforms) = preSolution
		Debug|Any CPU = Debug|Any CPU
		Debug|x86 = Debug|x86
		Release|Any CPU = Release|Any CPU
		Release|x86 = Release|x86
	EndGlobalSection
	GlobalSection(ProjectConfigurationPlatforms) = postSolution
		{E12C7EF5-C2F1-4A14-AD3D-8163996CF4E2}.Debug|Any CPU.ActiveCfg = Debug|x86
		{E12C7EF5-C2F1-4A14-AD3D-8163996CF4E2}.Debug|x86.ActiveCfg = Debug|x86
		{E12C7EF5-C2F1-4A14-AD3D-8163996CF4E2}.Debug|x86.Build.0 = Debug|x86
		{E12C7EF5-C2F1-4A14-AD3D-8163996CF4E2}.Release|Any CPU.ActiveCfg = Release|x86
		{E12C7EF5-C2F1-4A14-AD3D-8163996CF4E2}.Release|x86.ActiveCfg = Release|x86
		{E12C7EF5-C2F1-4A14-AD3D-8163996CF4E2}.Release|x86.Build.0 = Release|x86
		{30C370BE-753D-4621-B700-5F6D5615985E}.Debug|Any CPU.ActiveCfg = Debug|x86
		{30C370BE-753D-4621-B700-5F6D5615985E}.Debug|x86.ActiveCfg = Debug|x86
		{30C370BE-753D-4621-B700-5F6D5615985E}.Debug|x86.Build.0 = Debug|x86
		{30C370BE-753D-4621-B700-5F6D5615985E}.Release|Any CPU.ActiveCfg = Release|x86
		{30C370BE-753D-4621-B700-5F6D5615985E}.Release|x86.ActiveCfg = Release|x86
		{30C370BE-753D-4621-B700-5F6D5615985E}.Release|x86.Build.0 = Release|x86
		{2BB8C4EA-F724-4D40-B26E-CF1C71864E99}.Debug|Any CPU.ActiveCfg = Debug|x86
		{2BB8C4EA-F724-4D40-B26E-CF1C71864E99}.Debug|x86.ActiveCfg = Debug|x86
		{2BB8C4EA-F724-4D40-B26E-CF1C71864E99}.Debug|x86.Build.0 = Debug|x86
		{2BB8C4EA-F724-4D40-B26E-CF1C71864E99}.Release|Any CPU.ActiveCfg = Release|x86
		{2BB8C4EA-F724-4D40-B26E-CF1C71864E99}.Release|x86.ActiveCfg = Release|x86
		{2BB8C4EA-F724-4D40-B26E-CF1C71864E99}.Release|x86.Build.0 = Release|x86
		{F4BECDBC-5DBB-4F25-8BED-C454DC1E21F0}.Debug|Any CPU.ActiveCfg = Debug|x86
		{F4BECDBC-5DBB-4F25-8BED-C454DC1E21F0}.Debug|x86.ActiveCfg = Debug|x86
		{F4BECDBC-5DBB-4F25-8BED-C454DC1E21F0}.Debug|x86.Build.0 = Debug|x86
		{F4BECDBC-5DBB-4F25-8BED-C454DC1E21F0}.Release|Any CPU.ActiveCfg = Release|x86
		{F4BECDBC-5DBB-4F25-8BED-C454DC1E21F0}.Release|x86.ActiveCfg = Release|x86
		{F4BECDBC-5DBB-4F25-8BED-C454DC1E21F0}.Release|x86.Build.0 = Release|x86
		{2D683B5D-A096-4EFA-A9A8-1A87586C70FB}.Debug|Any CPU.ActiveCfg = Debug|x86
		{2D683B5D-A096-4EFA-A9A8-1A87586C70FB}.Debug|x86.ActiveCfg = Debug|x86
		{2D683B5D-A096-4EFA-A9A8-1A87586C70FB}.Debug|x86.Build.0 = Debug|x86
		{2D683B5D-A096-4EFA-A9A8-1A87586C70FB}.Release|Any CPU.ActiveCfg = Release|x86
		{2D683B5D-A096-4EFA-A9A8-1A87586C70FB}.Release|x86.ActiveCfg = Release|x86
		{2D683B5D-A096-4EFA-A9A8-1A87586C70FB}.Release|x86.Build.0 = Release|x86
		{9F94B9CC-DDFA-4D3D-B995-1FFE4A193E1B}.Debug|Any CPU.ActiveCfg = Debug|x86
		{9F94B9CC-DDFA-4D3D-B995-1FFE4A193E1B}.Debug|x86.ActiveCfg = Debug|x86
		{9F94B9CC-DDFA-4D3D-B995-1FFE4A193E1B}.Debug|x86.Build.0 = Debug|x86
		{9F94B9CC-DDFA-4D3D-B995-1FFE4A193E1B}.Release|Any CPU.ActiveCfg = Release|x86
		{9F94B9CC-DDFA-4D3D-B995-1FFE4A193E1B}.Release|x86.ActiveCfg = Release|x86
		{9F94B9CC-DDFA-4D3D-B995-1FFE4A193E1B}.Release|x86.Build.0 = Release|x86
		{837B6E96-07FF-47A3-931C-12C5FBEA7920}.Debug|Any CPU.ActiveCfg = Debug|x86
		{837B6E96-07FF-47A3-931C-12C5FBEA7920}.Debug|x86.ActiveCfg = Debug|x86
		{837B6E96-07FF-47A3-931C-12C5FBEA7920}.Debug|x86.Build.0 = Debug|x86
		{837B6E96-07FF-47A3-931C-12C5FBEA7920}.Release|Any CPU.ActiveCfg = Release|x86
		{837B6E96-07FF-47A3-931C-12C5FBEA7920}.Release|x86.ActiveCfg = Release|x86
		{837B6E96-07FF-47A3-931C-12C5FBEA7920}.Release|x86.Build.0 = Release|x86
		{23728538-92DC-4490-BFE9-6F4FE916CE8D}.Debug|Any CPU.ActiveCfg = Debug|Any CPU
		{23728538-92DC-4490-BFE9-6F4FE916CE8D}.Debug|Any CPU.Build.0 = Debug|Any CPU
		{23728538-92DC-4490-BFE9-6F4FE916CE8D}.Debug|x86.ActiveCfg = Debug|Any CPU
		{23728538-92DC-4490-BFE9-6F4FE916CE8D}.Debug|x86.Build.0 = Debug|Any CPU
		{23728538-92DC-4490-BFE9-6F4FE916CE8D}.Release|Any CPU.ActiveCfg = Release|Any CPU
		{23728538-92DC-4490-BFE9-6F4FE916CE8D}.Release|Any CPU.Build.0 = Release|Any CPU
		{23728538-92DC-4490-BFE9-6F4FE916CE8D}.Release|x86.ActiveCfg = Release|Any CPU
		{23728538-92DC-4490-BFE9-6F4FE916CE8D}.Release|x86.Build.0 = Release|Any CPU
	EndGlobalSection
	GlobalSection(SolutionProperties) = preSolution
		HideSolutionNode = FALSE
	EndGlobalSection
	GlobalSection(NestedProjects) = preSolution
		{E12C7EF5-C2F1-4A14-AD3D-8163996CF4E2} = {3EF446A4-2A4D-4903-BC84-97C3944A21B6}
		{30C370BE-753D-4621-B700-5F6D5615985E} = {3EF446A4-2A4D-4903-BC84-97C3944A21B6}
		{2BB8C4EA-F724-4D40-B26E-CF1C71864E99} = {3B72C0A8-60E5-411F-AD5E-539A29C5B5FF}
		{F4BECDBC-5DBB-4F25-8BED-C454DC1E21F0} = {3B72C0A8-60E5-411F-AD5E-539A29C5B5FF}
		{2D683B5D-A096-4EFA-A9A8-1A87586C70FB} = {6758B310-8C1F-45C6-B0E2-AA6C9D9EC233}
		{9F94B9CC-DDFA-4D3D-B995-1FFE4A193E1B} = {6758B310-8C1F-45C6-B0E2-AA6C9D9EC233}
		{837B6E96-07FF-47A3-931C-12C5FBEA7920} = {6758B310-8C1F-45C6-B0E2-AA6C9D9EC233}
	EndGlobalSection
EndGlobal
