
Microsoft Visual Studio Solution File, Format Version 12.00
# Visual Studio 14
VisualStudioVersion = 14.0.25420.1
MinimumVisualStudioVersion = 10.0.40219.1
Project("{FAE04EC0-301F-11D3-BF4B-00C04F79EFBC}") = "Rep", "Rep\Rep.csproj", "{E12C7EF5-C2F1-4A14-AD3D-8163996CF4E2}"
EndProject
Project("{FAE04EC0-301F-11D3-BF4B-00C04F79EFBC}") = "Req", "Req\Req.csproj", "{30C370BE-753D-4621-B700-5F6D5615985E}"
EndProject
Project("{FAE04EC0-301F-11D3-BF4B-00C04F79EFBC}") = "Pub", "Pub\Pub.csproj", "{2BB8C4EA-F724-4D40-B26E-CF1C71864E99}"
EndProject
Project("{FAE04EC0-301F-11D3-BF4B-00C04F79EFBC}") = "Sub", "Sub\Sub.csproj", "{F4BECDBC-5DBB-4F25-8BED-C454DC1E21F0}"
EndProject
Project("{FAE04EC0-301F-11D3-BF4B-00C04F79EFBC}") = "Push(Task Distributor)", "Push\Push(Task Distributor).csproj", "{2D683B5D-A096-4EFA-A9A8-1A87586C70FB}"
EndProject
Project("{FAE04EC0-301F-11D3-BF4B-00C04F79EFBC}") = "Pull(TaskResult Collecter)", "Pull\Pull(TaskResult Collecter).csproj", "{9F94B9CC-DDFA-4D3D-B995-1FFE4A193E1B}"
EndProject
Project("{FAE04EC0-301F-11D3-BF4B-00C04F79EFBC}") = "PullPushWorker", "PullPushWorker\PullPushWorker.csproj", "{837B6E96-07FF-47A3-931C-12C5FBEA7920}"
EndProject
Project("{2150E333-8FDC-42A3-9474-1A3956D46DE8}") = "Request-Reply Pattern (REQ-REP)", "Request-Reply Pattern (REQ-REP)", "{3EF446A4-2A4D-4903-BC84-97C3944A21B6}"
EndProject
Project("{2150E333-8FDC-42A3-9474-1A3956D46DE8}") = "Publish-Subscribe Pattern (PUB-SUB)", "Publish-Subscribe Pattern (PUB-SUB)", "{3B72C0A8-60E5-411F-AD5E-539A29C5B5FF}"
EndProject
Project("{2150E333-8FDC-42A3-9474-1A3956D46DE8}") = "Pipeline pattern (PUSH-PULL)", "Pipeline pattern (PUSH-PULL)", "{6758B310-8C1F-45C6-B0E2-AA6C9D9EC233}"
EndProject
Project("{2150E333-8FDC-42A3-9474-1A3956D46DE8}") = "Solution Items", "Solution Items", "{27736361-6841-4A6B-80E8-BA1CC4CDE25F}"
	ProjectSection(SolutionItems) = preProject
		MoreDemos.txt = MoreDemos.txt
	EndProjectSection
EndProject
Project("{FAE04EC0-301F-11D3-BF4B-00C04F79EFBC}") = "ReportVersion", "ReportVersion\ReportVersion.csproj", "{23728538-92DC-4490-BFE9-6F4FE916CE8D}"
EndProject
Project("{2150E333-8FDC-42A3-9474-1A3956D46DE8}") = "XSUB-SPUB", "XSUB-SPUB", "{E4A4D3B7-BA0C-4E5F-805C-87A22D03A097}"
EndProject
Project("{FAE04EC0-301F-11D3-BF4B-00C04F79EFBC}") = "WUServer", "WUServer\WUServer.csproj", "{E24BECF1-67BF-4EB9-B4A6-0D1FE98C736F}"
EndProject
Project("{FAE04EC0-301F-11D3-BF4B-00C04F79EFBC}") = "WUProxy", "WUProxy\WUProxy.csproj", "{ACBB4D2E-EE22-4CC7-98BF-D62BA8325155}"
EndProject
Project("{FAE04EC0-301F-11D3-BF4B-00C04F79EFBC}") = "WUClient", "WUClient\WUClient.csproj", "{0F018EAC-94AB-4508-904B-AD2D19ED6FA4}"
EndProject
Project("{2150E333-8FDC-42A3-9474-1A3956D46DE8}") = "Simple PUB-SUB", "Simple PUB-SUB", "{78EF2BD9-17B9-4F4E-ABF5-FFA4274B2B3A}"
EndProject
Project("{FAE04EC0-301F-11D3-BF4B-00C04F79EFBC}") = "MultipartMessages", "MultipartMessages\MultipartMessages.csproj", "{464B3B92-1169-465E-852A-CA1223647596}"
EndProject
Project("{2150E333-8FDC-42A3-9474-1A3956D46DE8}") = "SyncPubSub", "SyncPubSub", "{95E0C3EC-5FBC-4293-8A77-9986D1DCC9EF}"
EndProject
Project("{FAE04EC0-301F-11D3-BF4B-00C04F79EFBC}") = "SyncPub", "SyncPub\SyncPub.csproj", "{D363D0D6-75CC-49E0-B598-F91C4E4EFE1D}"
EndProject
Project("{FAE04EC0-301F-11D3-BF4B-00C04F79EFBC}") = "SyncSub", "SyncSub\SyncSub.csproj", "{32EDC70D-A093-4746-98FC-7934C5C7EA39}"
EndProject
Project("{FAE04EC0-301F-11D3-BF4B-00C04F79EFBC}") = "WUServer2", "WUServer2\WUServer2.csproj", "{82FCC562-5765-49DF-9AD4-C97B21D6DEA3}"
EndProject
Project("{2150E333-8FDC-42A3-9474-1A3956D46DE8}") = "Simple Req-Rep", "Simple Req-Rep", "{A62FEEAD-DADE-471B-9D29-988524CD2D27}"
EndProject
Project("{2150E333-8FDC-42A3-9474-1A3956D46DE8}") = "Router-Dealer", "Router-Dealer", "{1BEC21E1-372D-4A38-9DFF-7FCD2E1265B7}"
EndProject
Project("{FAE04EC0-301F-11D3-BF4B-00C04F79EFBC}") = "ReqClient", "ReqClient\ReqClient.csproj", "{AA172CCD-81AE-4A38-A9D5-6EB44F2DC3A6}"
EndProject
Project("{FAE04EC0-301F-11D3-BF4B-00C04F79EFBC}") = "RepWorker", "RepWorker\RepWorker.csproj", "{8ADEF6D0-4364-4987-A3F8-6E0858848B64}"
EndProject
Project("{FAE04EC0-301F-11D3-BF4B-00C04F79EFBC}") = "ReqRepBroker", "ReqRepBroker\ReqRepBroker.csproj", "{FE77EFE4-F772-4BCF-BD5C-F926398ABDFC}"
EndProject
Project("{2150E333-8FDC-42A3-9474-1A3956D46DE8}") = "Simple Push-Pull", "Simple Push-Pull", "{7B180CA6-5012-46DD-A373-A0A2DAAC717E}"
EndProject
Project("{2150E333-8FDC-42A3-9474-1A3956D46DE8}") = "Parallel task Sink", "Parallel task Sink", "{F39FE29D-92BC-48AA-B41F-F368AC2ECF52}"
EndProject
Project("{FAE04EC0-301F-11D3-BF4B-00C04F79EFBC}") = "TaskVentilator", "TaskVentilator\TaskVentilator.csproj", "{14CF1CF8-924E-4141-B87D-6FD19B78B9FC}"
EndProject
Project("{FAE04EC0-301F-11D3-BF4B-00C04F79EFBC}") = "TaskWorker", "TaskWorker\TaskWorker.csproj", "{0B97C0C6-E988-4D54-B1BD-9AA80AEF3467}"
EndProject
Project("{FAE04EC0-301F-11D3-BF4B-00C04F79EFBC}") = "TaskSink", "TaskSink\TaskSink.csproj", "{503D0FD3-1037-4F88-A942-2C83EE8965E9}"
EndProject
Project("{2150E333-8FDC-42A3-9474-1A3956D46DE8}") = "Inter-Broker Routing", "Inter-Broker Routing", "{F1CA9D47-5B53-43F0-BF4D-27CF73D53A7F}"
EndProject
Project("{FAE04EC0-301F-11D3-BF4B-00C04F79EFBC}") = "InterBrokerRouting", "InterBrokerRouting\InterBrokerRouting.csproj", "{3B6C1574-3D0F-49A1-9DE6-3315EC09D20B}"
EndProject
Project("{2150E333-8FDC-42A3-9474-1A3956D46DE8}") = "SingleCluster", "SingleCluster", "{B02734C5-1909-4559-A5AA-34203B8ACAF3}"
EndProject
Project("{FAE04EC0-301F-11D3-BF4B-00C04F79EFBC}") = "REQWorker", "REQWorker\REQWorker.csproj", "{E45C7399-2193-47D1-9E97-BA7C495C9F20}"
EndProject
Project("{FAE04EC0-301F-11D3-BF4B-00C04F79EFBC}") = "REQClientTask", "REQClientTask\REQClientTask.csproj", "{336C92D1-CF17-4960-9A45-577A81C9AACE}"
EndProject
Project("{FAE04EC0-301F-11D3-BF4B-00C04F79EFBC}") = "DEALER", "DEALER\DEALER.csproj", "{6014E0C1-09BA-4886-A943-4B84334F95A7}"
EndProject
Project("{FAE04EC0-301F-11D3-BF4B-00C04F79EFBC}") = "ROUTER", "ROUTER\ROUTER.csproj", "{C958F5EF-6988-42C4-8F65-C382C7650CC5}"
EndProject
Project("{2150E333-8FDC-42A3-9474-1A3956D46DE8}") = "Common", "Common", "{ABC32F08-7806-4465-8D8E-D6571C574614}"
EndProject
Project("{FAE04EC0-301F-11D3-BF4B-00C04F79EFBC}") = "Common", "Common\Common.csproj", "{7BCAEC29-4361-4DBA-A30A-9AC5159DE875}"
EndProject
Project("{2150E333-8FDC-42A3-9474-1A3956D46DE8}") = "Reliable REQ-REP Patterns", "Reliable REQ-REP Patterns", "{BE6515A7-A852-4921-BDE0-C12BEED62B81}"
EndProject
Project("{2150E333-8FDC-42A3-9474-1A3956D46DE8}") = "01 Client-Side Reliability", "01 Client-Side Reliability", "{131678DE-197E-4239-BE99-199BE664810D}"
EndProject
Project("{2150E333-8FDC-42A3-9474-1A3956D46DE8}") = "Lazy Pirate pattern", "Lazy Pirate pattern", "{4B1352B3-CA52-4BF0-9B8C-16E0923115C6}"
EndProject
Project("{FAE04EC0-301F-11D3-BF4B-00C04F79EFBC}") = "lpclient", "lpclient\lpclient.csproj", "{554511BB-50A3-4AE0-BAB4-D50256407FB8}"
EndProject
Project("{FAE04EC0-301F-11D3-BF4B-00C04F79EFBC}") = "lpserver", "lpserver\lpserver.csproj", "{3E1B90EA-1933-410E-8045-4DAFD2897091}"
EndProject
Project("{2150E333-8FDC-42A3-9474-1A3956D46DE8}") = "02 Basic Reliable Queuing (Simple Pirate Pattern)", "02 Basic Reliable Queuing (Simple Pirate Pattern)", "{1A4C3DAE-1564-4E75-9FFE-7F3B9970534F}"
EndProject
Project("{FAE04EC0-301F-11D3-BF4B-00C04F79EFBC}") = "SimplePirateBroker", "SimplePirateBroker\SimplePirateBroker.csproj", "{ED2AFAF9-A6C6-421C-9ED7-550684F649B0}"
EndProject
Project("{FAE04EC0-301F-11D3-BF4B-00C04F79EFBC}") = "SimplePirateWorker", "SimplePirateWorker\SimplePirateWorker.csproj", "{556E5D97-AB44-4AD1-B168-8A58F42E5D17}"
EndProject
Project("{2150E333-8FDC-42A3-9474-1A3956D46DE8}") = "03 Robust Reliable Queuing (Paranoid Pirate Pattern)", "03 Robust Reliable Queuing (Paranoid Pirate Pattern)", "{766BDD23-76AB-481D-B43C-058445845140}"
EndProject
Project("{FAE04EC0-301F-11D3-BF4B-00C04F79EFBC}") = "ParanoidPirateQueue", "ParanoidPirateQueue\ParanoidPirateQueue.csproj", "{3A4EE9D7-4574-4793-A2AB-43E9FDD4DF31}"
EndProject
Project("{FAE04EC0-301F-11D3-BF4B-00C04F79EFBC}") = "ParanoidPirateWorker", "ParanoidPirateWorker\ParanoidPirateWorker.csproj", "{36FCC8DC-C75C-491B-B807-B443F7A07724}"
EndProject
Project("{2150E333-8FDC-42A3-9474-1A3956D46DE8}") = "04 Service-Oriented Reliable Queuing (Majordomo Pattern)", "04 Service-Oriented Reliable Queuing (Majordomo Pattern)", "{B9394EA4-0AEC-4E23-8174-CE184E11A7FD}"
EndProject
Project("{2150E333-8FDC-42A3-9474-1A3956D46DE8}") = "05 Asynchronous Majordomo Pattern", "05 Asynchronous Majordomo Pattern", "{E5AC4151-9A86-4D53-AF2C-0F44C59290AE}"
EndProject
Project("{FAE04EC0-301F-11D3-BF4B-00C04F79EFBC}") = "MDBroker", "MDBroker\MDBroker.csproj", "{716EF91F-FC9B-4EE7-8B15-CBDD338A7BFA}"
EndProject
Project("{FAE04EC0-301F-11D3-BF4B-00C04F79EFBC}") = "MDClient", "MDClient\MDClient.csproj", "{0EA4FE1B-E054-4F2C-A071-5A5F2A83E0A2}"
EndProject
Project("{FAE04EC0-301F-11D3-BF4B-00C04F79EFBC}") = "MDWorker", "MDWorker\MDWorker.csproj", "{4F3C90A8-AD9B-480B-AC39-05ACFEB34306}"
EndProject
Project("{FAE04EC0-301F-11D3-BF4B-00C04F79EFBC}") = "AsynchronousMDClient", "AsynchronousMDClient\AsynchronousMDClient.csproj", "{6E7F4AB3-BD30-429C-9A9C-EE6E169CBE6C}"
EndProject
Project("{FAE04EC0-301F-11D3-BF4B-00C04F79EFBC}") = "RoundTripDemonstrator", "RoundTripDemonstrator\RoundTripDemonstrator.csproj", "{8F30E8FA-C999-4455-AE85-29F6B6C3FCD5}"
EndProject
Project("{2150E333-8FDC-42A3-9474-1A3956D46DE8}") = "06 Disconnected Reliability (Titanic Pattern)", "06 Disconnected Reliability (Titanic Pattern)", "{4267D0C4-24C4-4045-933D-A5CB7D5D0EE0}"
EndProject
Project("{2150E333-8FDC-42A3-9474-1A3956D46DE8}") = "07 High-Availability Pair (Binary Star Pattern)", "07 High-Availability Pair (Binary Star Pattern)", "{F17BFFD8-68A5-4019-93FC-9FB0664CA3DD}"
EndProject
Project("{2150E333-8FDC-42A3-9474-1A3956D46DE8}") = "08 Brokerless Reliability (Freelance Pattern)", "08 Brokerless Reliability (Freelance Pattern)", "{ADB546BA-6CAD-4F19-B70B-F67A88335468}"
EndProject
Project("{2150E333-8FDC-42A3-9474-1A3956D46DE8}") = "Identity", "Identity", "{09048CBE-A6E1-4981-8E8E-2687510DEA62}"
EndProject
Project("{FAE04EC0-301F-11D3-BF4B-00C04F79EFBC}") = "DemonstrateIdentities", "DemonstrateIdentities\DemonstrateIdentities.csproj", "{EEC33700-82A7-472A-8F52-945891F63FBA}"
EndProject
Project("{FAE04EC0-301F-11D3-BF4B-00C04F79EFBC}") = "LoadBalancingBroker", "LoadBalancingBroker\LoadBalancingBroker.csproj", "{C455C8BC-A27B-492C-A681-7730B2C1F1A0}"
EndProject
Project("{2150E333-8FDC-42A3-9474-1A3956D46DE8}") = "Advanced Publish-Subscribe Patterns", "Advanced Publish-Subscribe Patterns", "{CEC66BCE-C153-4B45-8A46-5459FEBD93F1}"
EndProject
Project("{2150E333-8FDC-42A3-9474-1A3956D46DE8}") = "01 Suicidal Snail pattern(Slow Subscriber Detection)", "01 Suicidal Snail pattern(Slow Subscriber Detection)", "{406AC452-2E70-4D95-B313-1563B31C97B8}"
EndProject
Project("{2150E333-8FDC-42A3-9474-1A3956D46DE8}") = "02 Black Box pattern(High-Speed Subscribers)", "02 Black Box pattern(High-Speed Subscribers)", "{A59AF60F-A3D7-408D-AABC-65EE3003E167}"
EndProject
Project("{2150E333-8FDC-42A3-9474-1A3956D46DE8}") = "03 Espresso pattern(Pub-Sub Tracing)", "03 Espresso pattern(Pub-Sub Tracing)", "{1F74F9A8-1305-4045-A6F7-EB8E35838F5E}"
EndProject
Project("{2150E333-8FDC-42A3-9474-1A3956D46DE8}") = "04 Clone pattern(Reliable Publish-Subscribe )", "04 Clone pattern(Reliable Publish-Subscribe )", "{D49BB99E-0351-4C63-95CA-F6033697CBDA}"
EndProject
Project("{FAE04EC0-301F-11D3-BF4B-00C04F79EFBC}") = "PubSubTracing", "PubSubTracing\PubSubTracing.csproj", "{E20F85CD-F773-4BC1-B35B-0B4F81C897F6}"
EndProject
Project("{FAE04EC0-301F-11D3-BF4B-00C04F79EFBC}") = "PubSubTracingPub", "PubSubTracingPub\PubSubTracingPub.csproj", "{51F8D32B-70C2-4841-AC73-EA186A34643D}"
EndProject
Project("{FAE04EC0-301F-11D3-BF4B-00C04F79EFBC}") = "PubSubTracingSub", "PubSubTracingSub\PubSubTracingSub.csproj", "{CA36EFD5-02E0-4943-8A8D-9FEF2F36C41C}"
EndProject
Project("{2150E333-8FDC-42A3-9474-1A3956D46DE8}") = "Last Value Caching", "Last Value Caching", "{1A6B6F94-65DF-4F4B-93E3-E07831032335}"
EndProject
Project("{FAE04EC0-301F-11D3-BF4B-00C04F79EFBC}") = "lvcache", "lvcache\lvcache.csproj", "{049BFF88-EAE3-4584-821D-DA51BA684C22}"
EndProject
Project("{FAE04EC0-301F-11D3-BF4B-00C04F79EFBC}") = "pathopub", "pathopub\pathopub.csproj", "{59A105AA-EF8A-4351-A138-6CAADF3E568C}"
EndProject
Project("{FAE04EC0-301F-11D3-BF4B-00C04F79EFBC}") = "pathosub", "pathosub\pathosub.csproj", "{5DA4DDD2-2BC9-4A51-9585-F0569C9BD16E}"
EndProject
Project("{FAE04EC0-301F-11D3-BF4B-00C04F79EFBC}") = "SuicidalSnail", "SuicidalSnail\SuicidalSnail.csproj", "{71721082-4EA9-4F50-A1D2-1DFAE09FA6E8}"
EndProject
Project("{2150E333-8FDC-42A3-9474-1A3956D46DE8}") = "NetZeroMqDemos", "NetZeroMqDemos", "{9EBA7C76-B7D4-40A7-86F8-D666A9D747BA}"
EndProject
Project("{FAE04EC0-301F-11D3-BF4B-00C04F79EFBC}") = "NetZeroMqBegin", "NetZeroMqBegin\NetZeroMqBegin.csproj", "{EF9068EA-E64D-4100-B7E2-7535D8EDC2BC}"
EndProject
Global
	GlobalSection(SolutionConfigurationPlatforms) = preSolution
		Debug|Any CPU = Debug|Any CPU
		Debug|x86 = Debug|x86
		Release|Any CPU = Release|Any CPU
		Release|x86 = Release|x86
	EndGlobalSection
	GlobalSection(ProjectConfigurationPlatforms) = postSolution
		{E12C7EF5-C2F1-4A14-AD3D-8163996CF4E2}.Debug|Any CPU.ActiveCfg = Debug|x86
		{E12C7EF5-C2F1-4A14-AD3D-8163996CF4E2}.Debug|x86.ActiveCfg = Debug|x86
		{E12C7EF5-C2F1-4A14-AD3D-8163996CF4E2}.Debug|x86.Build.0 = Debug|x86
		{E12C7EF5-C2F1-4A14-AD3D-8163996CF4E2}.Release|Any CPU.ActiveCfg = Release|x86
		{E12C7EF5-C2F1-4A14-AD3D-8163996CF4E2}.Release|x86.ActiveCfg = Release|x86
		{E12C7EF5-C2F1-4A14-AD3D-8163996CF4E2}.Release|x86.Build.0 = Release|x86
		{30C370BE-753D-4621-B700-5F6D5615985E}.Debug|Any CPU.ActiveCfg = Debug|x86
		{30C370BE-753D-4621-B700-5F6D5615985E}.Debug|x86.ActiveCfg = Debug|x86
		{30C370BE-753D-4621-B700-5F6D5615985E}.Debug|x86.Build.0 = Debug|x86
		{30C370BE-753D-4621-B700-5F6D5615985E}.Release|Any CPU.ActiveCfg = Release|x86
		{30C370BE-753D-4621-B700-5F6D5615985E}.Release|x86.ActiveCfg = Release|x86
		{30C370BE-753D-4621-B700-5F6D5615985E}.Release|x86.Build.0 = Release|x86
		{2BB8C4EA-F724-4D40-B26E-CF1C71864E99}.Debug|Any CPU.ActiveCfg = Debug|x86
		{2BB8C4EA-F724-4D40-B26E-CF1C71864E99}.Debug|x86.ActiveCfg = Debug|x86
		{2BB8C4EA-F724-4D40-B26E-CF1C71864E99}.Debug|x86.Build.0 = Debug|x86
		{2BB8C4EA-F724-4D40-B26E-CF1C71864E99}.Release|Any CPU.ActiveCfg = Release|x86
		{2BB8C4EA-F724-4D40-B26E-CF1C71864E99}.Release|x86.ActiveCfg = Release|x86
		{2BB8C4EA-F724-4D40-B26E-CF1C71864E99}.Release|x86.Build.0 = Release|x86
		{F4BECDBC-5DBB-4F25-8BED-C454DC1E21F0}.Debug|Any CPU.ActiveCfg = Debug|x86
		{F4BECDBC-5DBB-4F25-8BED-C454DC1E21F0}.Debug|x86.ActiveCfg = Debug|x86
		{F4BECDBC-5DBB-4F25-8BED-C454DC1E21F0}.Debug|x86.Build.0 = Debug|x86
		{F4BECDBC-5DBB-4F25-8BED-C454DC1E21F0}.Release|Any CPU.ActiveCfg = Release|x86
		{F4BECDBC-5DBB-4F25-8BED-C454DC1E21F0}.Release|x86.ActiveCfg = Release|x86
		{F4BECDBC-5DBB-4F25-8BED-C454DC1E21F0}.Release|x86.Build.0 = Release|x86
		{2D683B5D-A096-4EFA-A9A8-1A87586C70FB}.Debug|Any CPU.ActiveCfg = Debug|x86
		{2D683B5D-A096-4EFA-A9A8-1A87586C70FB}.Debug|x86.ActiveCfg = Debug|x86
		{2D683B5D-A096-4EFA-A9A8-1A87586C70FB}.Debug|x86.Build.0 = Debug|x86
		{2D683B5D-A096-4EFA-A9A8-1A87586C70FB}.Release|Any CPU.ActiveCfg = Release|x86
		{2D683B5D-A096-4EFA-A9A8-1A87586C70FB}.Release|x86.ActiveCfg = Release|x86
		{2D683B5D-A096-4EFA-A9A8-1A87586C70FB}.Release|x86.Build.0 = Release|x86
		{9F94B9CC-DDFA-4D3D-B995-1FFE4A193E1B}.Debug|Any CPU.ActiveCfg = Debug|x86
		{9F94B9CC-DDFA-4D3D-B995-1FFE4A193E1B}.Debug|x86.ActiveCfg = Debug|x86
		{9F94B9CC-DDFA-4D3D-B995-1FFE4A193E1B}.Debug|x86.Build.0 = Debug|x86
		{9F94B9CC-DDFA-4D3D-B995-1FFE4A193E1B}.Release|Any CPU.ActiveCfg = Release|x86
		{9F94B9CC-DDFA-4D3D-B995-1FFE4A193E1B}.Release|x86.ActiveCfg = Release|x86
		{9F94B9CC-DDFA-4D3D-B995-1FFE4A193E1B}.Release|x86.Build.0 = Release|x86
		{837B6E96-07FF-47A3-931C-12C5FBEA7920}.Debug|Any CPU.ActiveCfg = Debug|x86
		{837B6E96-07FF-47A3-931C-12C5FBEA7920}.Debug|x86.ActiveCfg = Debug|x86
		{837B6E96-07FF-47A3-931C-12C5FBEA7920}.Debug|x86.Build.0 = Debug|x86
		{837B6E96-07FF-47A3-931C-12C5FBEA7920}.Release|Any CPU.ActiveCfg = Release|x86
		{837B6E96-07FF-47A3-931C-12C5FBEA7920}.Release|x86.ActiveCfg = Release|x86
		{837B6E96-07FF-47A3-931C-12C5FBEA7920}.Release|x86.Build.0 = Release|x86
		{23728538-92DC-4490-BFE9-6F4FE916CE8D}.Debug|Any CPU.ActiveCfg = Debug|Any CPU
		{23728538-92DC-4490-BFE9-6F4FE916CE8D}.Debug|Any CPU.Build.0 = Debug|Any CPU
		{23728538-92DC-4490-BFE9-6F4FE916CE8D}.Debug|x86.ActiveCfg = Debug|Any CPU
		{23728538-92DC-4490-BFE9-6F4FE916CE8D}.Debug|x86.Build.0 = Debug|Any CPU
		{23728538-92DC-4490-BFE9-6F4FE916CE8D}.Release|Any CPU.ActiveCfg = Release|Any CPU
		{23728538-92DC-4490-BFE9-6F4FE916CE8D}.Release|Any CPU.Build.0 = Release|Any CPU
		{23728538-92DC-4490-BFE9-6F4FE916CE8D}.Release|x86.ActiveCfg = Release|Any CPU
		{23728538-92DC-4490-BFE9-6F4FE916CE8D}.Release|x86.Build.0 = Release|Any CPU
		{E24BECF1-67BF-4EB9-B4A6-0D1FE98C736F}.Debug|Any CPU.ActiveCfg = Debug|Any CPU
		{E24BECF1-67BF-4EB9-B4A6-0D1FE98C736F}.Debug|Any CPU.Build.0 = Debug|Any CPU
		{E24BECF1-67BF-4EB9-B4A6-0D1FE98C736F}.Debug|x86.ActiveCfg = Debug|Any CPU
		{E24BECF1-67BF-4EB9-B4A6-0D1FE98C736F}.Debug|x86.Build.0 = Debug|Any CPU
		{E24BECF1-67BF-4EB9-B4A6-0D1FE98C736F}.Release|Any CPU.ActiveCfg = Release|Any CPU
		{E24BECF1-67BF-4EB9-B4A6-0D1FE98C736F}.Release|Any CPU.Build.0 = Release|Any CPU
		{E24BECF1-67BF-4EB9-B4A6-0D1FE98C736F}.Release|x86.ActiveCfg = Release|Any CPU
		{E24BECF1-67BF-4EB9-B4A6-0D1FE98C736F}.Release|x86.Build.0 = Release|Any CPU
		{ACBB4D2E-EE22-4CC7-98BF-D62BA8325155}.Debug|Any CPU.ActiveCfg = Debug|Any CPU
		{ACBB4D2E-EE22-4CC7-98BF-D62BA8325155}.Debug|Any CPU.Build.0 = Debug|Any CPU
		{ACBB4D2E-EE22-4CC7-98BF-D62BA8325155}.Debug|x86.ActiveCfg = Debug|Any CPU
		{ACBB4D2E-EE22-4CC7-98BF-D62BA8325155}.Debug|x86.Build.0 = Debug|Any CPU
		{ACBB4D2E-EE22-4CC7-98BF-D62BA8325155}.Release|Any CPU.ActiveCfg = Release|Any CPU
		{ACBB4D2E-EE22-4CC7-98BF-D62BA8325155}.Release|Any CPU.Build.0 = Release|Any CPU
		{ACBB4D2E-EE22-4CC7-98BF-D62BA8325155}.Release|x86.ActiveCfg = Release|Any CPU
		{ACBB4D2E-EE22-4CC7-98BF-D62BA8325155}.Release|x86.Build.0 = Release|Any CPU
		{0F018EAC-94AB-4508-904B-AD2D19ED6FA4}.Debug|Any CPU.ActiveCfg = Debug|Any CPU
		{0F018EAC-94AB-4508-904B-AD2D19ED6FA4}.Debug|Any CPU.Build.0 = Debug|Any CPU
		{0F018EAC-94AB-4508-904B-AD2D19ED6FA4}.Debug|x86.ActiveCfg = Debug|Any CPU
		{0F018EAC-94AB-4508-904B-AD2D19ED6FA4}.Debug|x86.Build.0 = Debug|Any CPU
		{0F018EAC-94AB-4508-904B-AD2D19ED6FA4}.Release|Any CPU.ActiveCfg = Release|Any CPU
		{0F018EAC-94AB-4508-904B-AD2D19ED6FA4}.Release|Any CPU.Build.0 = Release|Any CPU
		{0F018EAC-94AB-4508-904B-AD2D19ED6FA4}.Release|x86.ActiveCfg = Release|Any CPU
		{0F018EAC-94AB-4508-904B-AD2D19ED6FA4}.Release|x86.Build.0 = Release|Any CPU
		{464B3B92-1169-465E-852A-CA1223647596}.Debug|Any CPU.ActiveCfg = Debug|x86
		{464B3B92-1169-465E-852A-CA1223647596}.Debug|x86.ActiveCfg = Debug|x86
		{464B3B92-1169-465E-852A-CA1223647596}.Debug|x86.Build.0 = Debug|x86
		{464B3B92-1169-465E-852A-CA1223647596}.Release|Any CPU.ActiveCfg = Release|x86
		{464B3B92-1169-465E-852A-CA1223647596}.Release|x86.ActiveCfg = Release|x86
		{464B3B92-1169-465E-852A-CA1223647596}.Release|x86.Build.0 = Release|x86
		{D363D0D6-75CC-49E0-B598-F91C4E4EFE1D}.Debug|Any CPU.ActiveCfg = Debug|x86
		{D363D0D6-75CC-49E0-B598-F91C4E4EFE1D}.Debug|x86.ActiveCfg = Debug|x86
		{D363D0D6-75CC-49E0-B598-F91C4E4EFE1D}.Debug|x86.Build.0 = Debug|x86
		{D363D0D6-75CC-49E0-B598-F91C4E4EFE1D}.Release|Any CPU.ActiveCfg = Release|x86
		{D363D0D6-75CC-49E0-B598-F91C4E4EFE1D}.Release|x86.ActiveCfg = Release|x86
		{D363D0D6-75CC-49E0-B598-F91C4E4EFE1D}.Release|x86.Build.0 = Release|x86
		{32EDC70D-A093-4746-98FC-7934C5C7EA39}.Debug|Any CPU.ActiveCfg = Debug|x86
		{32EDC70D-A093-4746-98FC-7934C5C7EA39}.Debug|x86.ActiveCfg = Debug|x86
		{32EDC70D-A093-4746-98FC-7934C5C7EA39}.Debug|x86.Build.0 = Debug|x86
		{32EDC70D-A093-4746-98FC-7934C5C7EA39}.Release|Any CPU.ActiveCfg = Release|x86
		{32EDC70D-A093-4746-98FC-7934C5C7EA39}.Release|x86.ActiveCfg = Release|x86
		{32EDC70D-A093-4746-98FC-7934C5C7EA39}.Release|x86.Build.0 = Release|x86
		{82FCC562-5765-49DF-9AD4-C97B21D6DEA3}.Debug|Any CPU.ActiveCfg = Debug|Any CPU
		{82FCC562-5765-49DF-9AD4-C97B21D6DEA3}.Debug|Any CPU.Build.0 = Debug|Any CPU
		{82FCC562-5765-49DF-9AD4-C97B21D6DEA3}.Debug|x86.ActiveCfg = Debug|Any CPU
		{82FCC562-5765-49DF-9AD4-C97B21D6DEA3}.Debug|x86.Build.0 = Debug|Any CPU
		{82FCC562-5765-49DF-9AD4-C97B21D6DEA3}.Release|Any CPU.ActiveCfg = Release|Any CPU
		{82FCC562-5765-49DF-9AD4-C97B21D6DEA3}.Release|Any CPU.Build.0 = Release|Any CPU
		{82FCC562-5765-49DF-9AD4-C97B21D6DEA3}.Release|x86.ActiveCfg = Release|Any CPU
		{82FCC562-5765-49DF-9AD4-C97B21D6DEA3}.Release|x86.Build.0 = Release|Any CPU
		{AA172CCD-81AE-4A38-A9D5-6EB44F2DC3A6}.Debug|Any CPU.ActiveCfg = Debug|Any CPU
		{AA172CCD-81AE-4A38-A9D5-6EB44F2DC3A6}.Debug|Any CPU.Build.0 = Debug|Any CPU
		{AA172CCD-81AE-4A38-A9D5-6EB44F2DC3A6}.Debug|x86.ActiveCfg = Debug|Any CPU
		{AA172CCD-81AE-4A38-A9D5-6EB44F2DC3A6}.Debug|x86.Build.0 = Debug|Any CPU
		{AA172CCD-81AE-4A38-A9D5-6EB44F2DC3A6}.Release|Any CPU.ActiveCfg = Release|Any CPU
		{AA172CCD-81AE-4A38-A9D5-6EB44F2DC3A6}.Release|Any CPU.Build.0 = Release|Any CPU
		{AA172CCD-81AE-4A38-A9D5-6EB44F2DC3A6}.Release|x86.ActiveCfg = Release|Any CPU
		{AA172CCD-81AE-4A38-A9D5-6EB44F2DC3A6}.Release|x86.Build.0 = Release|Any CPU
		{8ADEF6D0-4364-4987-A3F8-6E0858848B64}.Debug|Any CPU.ActiveCfg = Debug|Any CPU
		{8ADEF6D0-4364-4987-A3F8-6E0858848B64}.Debug|Any CPU.Build.0 = Debug|Any CPU
		{8ADEF6D0-4364-4987-A3F8-6E0858848B64}.Debug|x86.ActiveCfg = Debug|Any CPU
		{8ADEF6D0-4364-4987-A3F8-6E0858848B64}.Debug|x86.Build.0 = Debug|Any CPU
		{8ADEF6D0-4364-4987-A3F8-6E0858848B64}.Release|Any CPU.ActiveCfg = Release|Any CPU
		{8ADEF6D0-4364-4987-A3F8-6E0858848B64}.Release|Any CPU.Build.0 = Release|Any CPU
		{8ADEF6D0-4364-4987-A3F8-6E0858848B64}.Release|x86.ActiveCfg = Release|Any CPU
		{8ADEF6D0-4364-4987-A3F8-6E0858848B64}.Release|x86.Build.0 = Release|Any CPU
		{FE77EFE4-F772-4BCF-BD5C-F926398ABDFC}.Debug|Any CPU.ActiveCfg = Debug|Any CPU
		{FE77EFE4-F772-4BCF-BD5C-F926398ABDFC}.Debug|Any CPU.Build.0 = Debug|Any CPU
		{FE77EFE4-F772-4BCF-BD5C-F926398ABDFC}.Debug|x86.ActiveCfg = Debug|Any CPU
		{FE77EFE4-F772-4BCF-BD5C-F926398ABDFC}.Debug|x86.Build.0 = Debug|Any CPU
		{FE77EFE4-F772-4BCF-BD5C-F926398ABDFC}.Release|Any CPU.ActiveCfg = Release|Any CPU
		{FE77EFE4-F772-4BCF-BD5C-F926398ABDFC}.Release|Any CPU.Build.0 = Release|Any CPU
		{FE77EFE4-F772-4BCF-BD5C-F926398ABDFC}.Release|x86.ActiveCfg = Release|Any CPU
		{FE77EFE4-F772-4BCF-BD5C-F926398ABDFC}.Release|x86.Build.0 = Release|Any CPU
		{14CF1CF8-924E-4141-B87D-6FD19B78B9FC}.Debug|Any CPU.ActiveCfg = Debug|Any CPU
		{14CF1CF8-924E-4141-B87D-6FD19B78B9FC}.Debug|Any CPU.Build.0 = Debug|Any CPU
		{14CF1CF8-924E-4141-B87D-6FD19B78B9FC}.Debug|x86.ActiveCfg = Debug|Any CPU
		{14CF1CF8-924E-4141-B87D-6FD19B78B9FC}.Debug|x86.Build.0 = Debug|Any CPU
		{14CF1CF8-924E-4141-B87D-6FD19B78B9FC}.Release|Any CPU.ActiveCfg = Release|Any CPU
		{14CF1CF8-924E-4141-B87D-6FD19B78B9FC}.Release|Any CPU.Build.0 = Release|Any CPU
		{14CF1CF8-924E-4141-B87D-6FD19B78B9FC}.Release|x86.ActiveCfg = Release|Any CPU
		{14CF1CF8-924E-4141-B87D-6FD19B78B9FC}.Release|x86.Build.0 = Release|Any CPU
		{0B97C0C6-E988-4D54-B1BD-9AA80AEF3467}.Debug|Any CPU.ActiveCfg = Debug|Any CPU
		{0B97C0C6-E988-4D54-B1BD-9AA80AEF3467}.Debug|Any CPU.Build.0 = Debug|Any CPU
		{0B97C0C6-E988-4D54-B1BD-9AA80AEF3467}.Debug|x86.ActiveCfg = Debug|Any CPU
		{0B97C0C6-E988-4D54-B1BD-9AA80AEF3467}.Debug|x86.Build.0 = Debug|Any CPU
		{0B97C0C6-E988-4D54-B1BD-9AA80AEF3467}.Release|Any CPU.ActiveCfg = Release|Any CPU
		{0B97C0C6-E988-4D54-B1BD-9AA80AEF3467}.Release|Any CPU.Build.0 = Release|Any CPU
		{0B97C0C6-E988-4D54-B1BD-9AA80AEF3467}.Release|x86.ActiveCfg = Release|Any CPU
		{0B97C0C6-E988-4D54-B1BD-9AA80AEF3467}.Release|x86.Build.0 = Release|Any CPU
		{503D0FD3-1037-4F88-A942-2C83EE8965E9}.Debug|Any CPU.ActiveCfg = Debug|Any CPU
		{503D0FD3-1037-4F88-A942-2C83EE8965E9}.Debug|Any CPU.Build.0 = Debug|Any CPU
		{503D0FD3-1037-4F88-A942-2C83EE8965E9}.Debug|x86.ActiveCfg = Debug|Any CPU
		{503D0FD3-1037-4F88-A942-2C83EE8965E9}.Debug|x86.Build.0 = Debug|Any CPU
		{503D0FD3-1037-4F88-A942-2C83EE8965E9}.Release|Any CPU.ActiveCfg = Release|Any CPU
		{503D0FD3-1037-4F88-A942-2C83EE8965E9}.Release|Any CPU.Build.0 = Release|Any CPU
		{503D0FD3-1037-4F88-A942-2C83EE8965E9}.Release|x86.ActiveCfg = Release|Any CPU
		{503D0FD3-1037-4F88-A942-2C83EE8965E9}.Release|x86.Build.0 = Release|Any CPU
		{3B6C1574-3D0F-49A1-9DE6-3315EC09D20B}.Debug|Any CPU.ActiveCfg = Debug|Any CPU
		{3B6C1574-3D0F-49A1-9DE6-3315EC09D20B}.Debug|Any CPU.Build.0 = Debug|Any CPU
		{3B6C1574-3D0F-49A1-9DE6-3315EC09D20B}.Debug|x86.ActiveCfg = Debug|Any CPU
		{3B6C1574-3D0F-49A1-9DE6-3315EC09D20B}.Debug|x86.Build.0 = Debug|Any CPU
		{3B6C1574-3D0F-49A1-9DE6-3315EC09D20B}.Release|Any CPU.ActiveCfg = Release|Any CPU
		{3B6C1574-3D0F-49A1-9DE6-3315EC09D20B}.Release|Any CPU.Build.0 = Release|Any CPU
		{3B6C1574-3D0F-49A1-9DE6-3315EC09D20B}.Release|x86.ActiveCfg = Release|Any CPU
		{3B6C1574-3D0F-49A1-9DE6-3315EC09D20B}.Release|x86.Build.0 = Release|Any CPU
		{E45C7399-2193-47D1-9E97-BA7C495C9F20}.Debug|Any CPU.ActiveCfg = Debug|Any CPU
		{E45C7399-2193-47D1-9E97-BA7C495C9F20}.Debug|Any CPU.Build.0 = Debug|Any CPU
		{E45C7399-2193-47D1-9E97-BA7C495C9F20}.Debug|x86.ActiveCfg = Debug|Any CPU
		{E45C7399-2193-47D1-9E97-BA7C495C9F20}.Debug|x86.Build.0 = Debug|Any CPU
		{E45C7399-2193-47D1-9E97-BA7C495C9F20}.Release|Any CPU.ActiveCfg = Release|Any CPU
		{E45C7399-2193-47D1-9E97-BA7C495C9F20}.Release|Any CPU.Build.0 = Release|Any CPU
		{E45C7399-2193-47D1-9E97-BA7C495C9F20}.Release|x86.ActiveCfg = Release|Any CPU
		{E45C7399-2193-47D1-9E97-BA7C495C9F20}.Release|x86.Build.0 = Release|Any CPU
		{336C92D1-CF17-4960-9A45-577A81C9AACE}.Debug|Any CPU.ActiveCfg = Debug|Any CPU
		{336C92D1-CF17-4960-9A45-577A81C9AACE}.Debug|Any CPU.Build.0 = Debug|Any CPU
		{336C92D1-CF17-4960-9A45-577A81C9AACE}.Debug|x86.ActiveCfg = Debug|Any CPU
		{336C92D1-CF17-4960-9A45-577A81C9AACE}.Debug|x86.Build.0 = Debug|Any CPU
		{336C92D1-CF17-4960-9A45-577A81C9AACE}.Release|Any CPU.ActiveCfg = Release|Any CPU
		{336C92D1-CF17-4960-9A45-577A81C9AACE}.Release|Any CPU.Build.0 = Release|Any CPU
		{336C92D1-CF17-4960-9A45-577A81C9AACE}.Release|x86.ActiveCfg = Release|Any CPU
		{336C92D1-CF17-4960-9A45-577A81C9AACE}.Release|x86.Build.0 = Release|Any CPU
		{6014E0C1-09BA-4886-A943-4B84334F95A7}.Debug|Any CPU.ActiveCfg = Debug|Any CPU
		{6014E0C1-09BA-4886-A943-4B84334F95A7}.Debug|Any CPU.Build.0 = Debug|Any CPU
		{6014E0C1-09BA-4886-A943-4B84334F95A7}.Debug|x86.ActiveCfg = Debug|Any CPU
		{6014E0C1-09BA-4886-A943-4B84334F95A7}.Debug|x86.Build.0 = Debug|Any CPU
		{6014E0C1-09BA-4886-A943-4B84334F95A7}.Release|Any CPU.ActiveCfg = Release|Any CPU
		{6014E0C1-09BA-4886-A943-4B84334F95A7}.Release|Any CPU.Build.0 = Release|Any CPU
		{6014E0C1-09BA-4886-A943-4B84334F95A7}.Release|x86.ActiveCfg = Release|Any CPU
		{6014E0C1-09BA-4886-A943-4B84334F95A7}.Release|x86.Build.0 = Release|Any CPU
		{C958F5EF-6988-42C4-8F65-C382C7650CC5}.Debug|Any CPU.ActiveCfg = Debug|Any CPU
		{C958F5EF-6988-42C4-8F65-C382C7650CC5}.Debug|Any CPU.Build.0 = Debug|Any CPU
		{C958F5EF-6988-42C4-8F65-C382C7650CC5}.Debug|x86.ActiveCfg = Debug|Any CPU
		{C958F5EF-6988-42C4-8F65-C382C7650CC5}.Debug|x86.Build.0 = Debug|Any CPU
		{C958F5EF-6988-42C4-8F65-C382C7650CC5}.Release|Any CPU.ActiveCfg = Release|Any CPU
		{C958F5EF-6988-42C4-8F65-C382C7650CC5}.Release|Any CPU.Build.0 = Release|Any CPU
		{C958F5EF-6988-42C4-8F65-C382C7650CC5}.Release|x86.ActiveCfg = Release|Any CPU
		{C958F5EF-6988-42C4-8F65-C382C7650CC5}.Release|x86.Build.0 = Release|Any CPU
		{7BCAEC29-4361-4DBA-A30A-9AC5159DE875}.Debug|Any CPU.ActiveCfg = Debug|Any CPU
		{7BCAEC29-4361-4DBA-A30A-9AC5159DE875}.Debug|Any CPU.Build.0 = Debug|Any CPU
		{7BCAEC29-4361-4DBA-A30A-9AC5159DE875}.Debug|x86.ActiveCfg = Debug|Any CPU
		{7BCAEC29-4361-4DBA-A30A-9AC5159DE875}.Debug|x86.Build.0 = Debug|Any CPU
		{7BCAEC29-4361-4DBA-A30A-9AC5159DE875}.Release|Any CPU.ActiveCfg = Release|Any CPU
		{7BCAEC29-4361-4DBA-A30A-9AC5159DE875}.Release|Any CPU.Build.0 = Release|Any CPU
		{7BCAEC29-4361-4DBA-A30A-9AC5159DE875}.Release|x86.ActiveCfg = Release|Any CPU
		{7BCAEC29-4361-4DBA-A30A-9AC5159DE875}.Release|x86.Build.0 = Release|Any CPU
		{554511BB-50A3-4AE0-BAB4-D50256407FB8}.Debug|Any CPU.ActiveCfg = Debug|Any CPU
		{554511BB-50A3-4AE0-BAB4-D50256407FB8}.Debug|Any CPU.Build.0 = Debug|Any CPU
		{554511BB-50A3-4AE0-BAB4-D50256407FB8}.Debug|x86.ActiveCfg = Debug|Any CPU
		{554511BB-50A3-4AE0-BAB4-D50256407FB8}.Debug|x86.Build.0 = Debug|Any CPU
		{554511BB-50A3-4AE0-BAB4-D50256407FB8}.Release|Any CPU.ActiveCfg = Release|Any CPU
		{554511BB-50A3-4AE0-BAB4-D50256407FB8}.Release|Any CPU.Build.0 = Release|Any CPU
		{554511BB-50A3-4AE0-BAB4-D50256407FB8}.Release|x86.ActiveCfg = Release|Any CPU
		{554511BB-50A3-4AE0-BAB4-D50256407FB8}.Release|x86.Build.0 = Release|Any CPU
		{3E1B90EA-1933-410E-8045-4DAFD2897091}.Debug|Any CPU.ActiveCfg = Debug|Any CPU
		{3E1B90EA-1933-410E-8045-4DAFD2897091}.Debug|Any CPU.Build.0 = Debug|Any CPU
		{3E1B90EA-1933-410E-8045-4DAFD2897091}.Debug|x86.ActiveCfg = Debug|Any CPU
		{3E1B90EA-1933-410E-8045-4DAFD2897091}.Debug|x86.Build.0 = Debug|Any CPU
		{3E1B90EA-1933-410E-8045-4DAFD2897091}.Release|Any CPU.ActiveCfg = Release|Any CPU
		{3E1B90EA-1933-410E-8045-4DAFD2897091}.Release|Any CPU.Build.0 = Release|Any CPU
		{3E1B90EA-1933-410E-8045-4DAFD2897091}.Release|x86.ActiveCfg = Release|Any CPU
		{3E1B90EA-1933-410E-8045-4DAFD2897091}.Release|x86.Build.0 = Release|Any CPU
		{ED2AFAF9-A6C6-421C-9ED7-550684F649B0}.Debug|Any CPU.ActiveCfg = Debug|Any CPU
		{ED2AFAF9-A6C6-421C-9ED7-550684F649B0}.Debug|Any CPU.Build.0 = Debug|Any CPU
		{ED2AFAF9-A6C6-421C-9ED7-550684F649B0}.Debug|x86.ActiveCfg = Debug|Any CPU
		{ED2AFAF9-A6C6-421C-9ED7-550684F649B0}.Debug|x86.Build.0 = Debug|Any CPU
		{ED2AFAF9-A6C6-421C-9ED7-550684F649B0}.Release|Any CPU.ActiveCfg = Release|Any CPU
		{ED2AFAF9-A6C6-421C-9ED7-550684F649B0}.Release|Any CPU.Build.0 = Release|Any CPU
		{ED2AFAF9-A6C6-421C-9ED7-550684F649B0}.Release|x86.ActiveCfg = Release|Any CPU
		{ED2AFAF9-A6C6-421C-9ED7-550684F649B0}.Release|x86.Build.0 = Release|Any CPU
		{556E5D97-AB44-4AD1-B168-8A58F42E5D17}.Debug|Any CPU.ActiveCfg = Debug|Any CPU
		{556E5D97-AB44-4AD1-B168-8A58F42E5D17}.Debug|Any CPU.Build.0 = Debug|Any CPU
		{556E5D97-AB44-4AD1-B168-8A58F42E5D17}.Debug|x86.ActiveCfg = Debug|Any CPU
		{556E5D97-AB44-4AD1-B168-8A58F42E5D17}.Debug|x86.Build.0 = Debug|Any CPU
		{556E5D97-AB44-4AD1-B168-8A58F42E5D17}.Release|Any CPU.ActiveCfg = Release|Any CPU
		{556E5D97-AB44-4AD1-B168-8A58F42E5D17}.Release|Any CPU.Build.0 = Release|Any CPU
		{556E5D97-AB44-4AD1-B168-8A58F42E5D17}.Release|x86.ActiveCfg = Release|Any CPU
		{556E5D97-AB44-4AD1-B168-8A58F42E5D17}.Release|x86.Build.0 = Release|Any CPU
		{3A4EE9D7-4574-4793-A2AB-43E9FDD4DF31}.Debug|Any CPU.ActiveCfg = Debug|Any CPU
		{3A4EE9D7-4574-4793-A2AB-43E9FDD4DF31}.Debug|Any CPU.Build.0 = Debug|Any CPU
		{3A4EE9D7-4574-4793-A2AB-43E9FDD4DF31}.Debug|x86.ActiveCfg = Debug|Any CPU
		{3A4EE9D7-4574-4793-A2AB-43E9FDD4DF31}.Debug|x86.Build.0 = Debug|Any CPU
		{3A4EE9D7-4574-4793-A2AB-43E9FDD4DF31}.Release|Any CPU.ActiveCfg = Release|Any CPU
		{3A4EE9D7-4574-4793-A2AB-43E9FDD4DF31}.Release|Any CPU.Build.0 = Release|Any CPU
		{3A4EE9D7-4574-4793-A2AB-43E9FDD4DF31}.Release|x86.ActiveCfg = Release|Any CPU
		{3A4EE9D7-4574-4793-A2AB-43E9FDD4DF31}.Release|x86.Build.0 = Release|Any CPU
		{36FCC8DC-C75C-491B-B807-B443F7A07724}.Debug|Any CPU.ActiveCfg = Debug|Any CPU
		{36FCC8DC-C75C-491B-B807-B443F7A07724}.Debug|Any CPU.Build.0 = Debug|Any CPU
		{36FCC8DC-C75C-491B-B807-B443F7A07724}.Debug|x86.ActiveCfg = Debug|Any CPU
		{36FCC8DC-C75C-491B-B807-B443F7A07724}.Debug|x86.Build.0 = Debug|Any CPU
		{36FCC8DC-C75C-491B-B807-B443F7A07724}.Release|Any CPU.ActiveCfg = Release|Any CPU
		{36FCC8DC-C75C-491B-B807-B443F7A07724}.Release|Any CPU.Build.0 = Release|Any CPU
		{36FCC8DC-C75C-491B-B807-B443F7A07724}.Release|x86.ActiveCfg = Release|Any CPU
		{36FCC8DC-C75C-491B-B807-B443F7A07724}.Release|x86.Build.0 = Release|Any CPU
		{716EF91F-FC9B-4EE7-8B15-CBDD338A7BFA}.Debug|Any CPU.ActiveCfg = Debug|Any CPU
		{716EF91F-FC9B-4EE7-8B15-CBDD338A7BFA}.Debug|Any CPU.Build.0 = Debug|Any CPU
		{716EF91F-FC9B-4EE7-8B15-CBDD338A7BFA}.Debug|x86.ActiveCfg = Debug|Any CPU
		{716EF91F-FC9B-4EE7-8B15-CBDD338A7BFA}.Debug|x86.Build.0 = Debug|Any CPU
		{716EF91F-FC9B-4EE7-8B15-CBDD338A7BFA}.Release|Any CPU.ActiveCfg = Release|Any CPU
		{716EF91F-FC9B-4EE7-8B15-CBDD338A7BFA}.Release|Any CPU.Build.0 = Release|Any CPU
		{716EF91F-FC9B-4EE7-8B15-CBDD338A7BFA}.Release|x86.ActiveCfg = Release|Any CPU
		{716EF91F-FC9B-4EE7-8B15-CBDD338A7BFA}.Release|x86.Build.0 = Release|Any CPU
		{0EA4FE1B-E054-4F2C-A071-5A5F2A83E0A2}.Debug|Any CPU.ActiveCfg = Debug|Any CPU
		{0EA4FE1B-E054-4F2C-A071-5A5F2A83E0A2}.Debug|Any CPU.Build.0 = Debug|Any CPU
		{0EA4FE1B-E054-4F2C-A071-5A5F2A83E0A2}.Debug|x86.ActiveCfg = Debug|Any CPU
		{0EA4FE1B-E054-4F2C-A071-5A5F2A83E0A2}.Debug|x86.Build.0 = Debug|Any CPU
		{0EA4FE1B-E054-4F2C-A071-5A5F2A83E0A2}.Release|Any CPU.ActiveCfg = Release|Any CPU
		{0EA4FE1B-E054-4F2C-A071-5A5F2A83E0A2}.Release|Any CPU.Build.0 = Release|Any CPU
		{0EA4FE1B-E054-4F2C-A071-5A5F2A83E0A2}.Release|x86.ActiveCfg = Release|Any CPU
		{0EA4FE1B-E054-4F2C-A071-5A5F2A83E0A2}.Release|x86.Build.0 = Release|Any CPU
		{4F3C90A8-AD9B-480B-AC39-05ACFEB34306}.Debug|Any CPU.ActiveCfg = Debug|Any CPU
		{4F3C90A8-AD9B-480B-AC39-05ACFEB34306}.Debug|Any CPU.Build.0 = Debug|Any CPU
		{4F3C90A8-AD9B-480B-AC39-05ACFEB34306}.Debug|x86.ActiveCfg = Debug|Any CPU
		{4F3C90A8-AD9B-480B-AC39-05ACFEB34306}.Debug|x86.Build.0 = Debug|Any CPU
		{4F3C90A8-AD9B-480B-AC39-05ACFEB34306}.Release|Any CPU.ActiveCfg = Release|Any CPU
		{4F3C90A8-AD9B-480B-AC39-05ACFEB34306}.Release|Any CPU.Build.0 = Release|Any CPU
		{4F3C90A8-AD9B-480B-AC39-05ACFEB34306}.Release|x86.ActiveCfg = Release|Any CPU
		{4F3C90A8-AD9B-480B-AC39-05ACFEB34306}.Release|x86.Build.0 = Release|Any CPU
		{6E7F4AB3-BD30-429C-9A9C-EE6E169CBE6C}.Debug|Any CPU.ActiveCfg = Debug|Any CPU
		{6E7F4AB3-BD30-429C-9A9C-EE6E169CBE6C}.Debug|Any CPU.Build.0 = Debug|Any CPU
		{6E7F4AB3-BD30-429C-9A9C-EE6E169CBE6C}.Debug|x86.ActiveCfg = Debug|Any CPU
		{6E7F4AB3-BD30-429C-9A9C-EE6E169CBE6C}.Debug|x86.Build.0 = Debug|Any CPU
		{6E7F4AB3-BD30-429C-9A9C-EE6E169CBE6C}.Release|Any CPU.ActiveCfg = Release|Any CPU
		{6E7F4AB3-BD30-429C-9A9C-EE6E169CBE6C}.Release|Any CPU.Build.0 = Release|Any CPU
		{6E7F4AB3-BD30-429C-9A9C-EE6E169CBE6C}.Release|x86.ActiveCfg = Release|Any CPU
		{6E7F4AB3-BD30-429C-9A9C-EE6E169CBE6C}.Release|x86.Build.0 = Release|Any CPU
		{8F30E8FA-C999-4455-AE85-29F6B6C3FCD5}.Debug|Any CPU.ActiveCfg = Debug|Any CPU
		{8F30E8FA-C999-4455-AE85-29F6B6C3FCD5}.Debug|Any CPU.Build.0 = Debug|Any CPU
		{8F30E8FA-C999-4455-AE85-29F6B6C3FCD5}.Debug|x86.ActiveCfg = Debug|Any CPU
		{8F30E8FA-C999-4455-AE85-29F6B6C3FCD5}.Debug|x86.Build.0 = Debug|Any CPU
		{8F30E8FA-C999-4455-AE85-29F6B6C3FCD5}.Release|Any CPU.ActiveCfg = Release|Any CPU
		{8F30E8FA-C999-4455-AE85-29F6B6C3FCD5}.Release|Any CPU.Build.0 = Release|Any CPU
		{8F30E8FA-C999-4455-AE85-29F6B6C3FCD5}.Release|x86.ActiveCfg = Release|Any CPU
		{8F30E8FA-C999-4455-AE85-29F6B6C3FCD5}.Release|x86.Build.0 = Release|Any CPU
		{EEC33700-82A7-472A-8F52-945891F63FBA}.Debug|Any CPU.ActiveCfg = Debug|Any CPU
		{EEC33700-82A7-472A-8F52-945891F63FBA}.Debug|Any CPU.Build.0 = Debug|Any CPU
		{EEC33700-82A7-472A-8F52-945891F63FBA}.Debug|x86.ActiveCfg = Debug|Any CPU
		{EEC33700-82A7-472A-8F52-945891F63FBA}.Debug|x86.Build.0 = Debug|Any CPU
		{EEC33700-82A7-472A-8F52-945891F63FBA}.Release|Any CPU.ActiveCfg = Release|Any CPU
		{EEC33700-82A7-472A-8F52-945891F63FBA}.Release|Any CPU.Build.0 = Release|Any CPU
		{EEC33700-82A7-472A-8F52-945891F63FBA}.Release|x86.ActiveCfg = Release|Any CPU
		{EEC33700-82A7-472A-8F52-945891F63FBA}.Release|x86.Build.0 = Release|Any CPU
		{C455C8BC-A27B-492C-A681-7730B2C1F1A0}.Debug|Any CPU.ActiveCfg = Debug|Any CPU
		{C455C8BC-A27B-492C-A681-7730B2C1F1A0}.Debug|Any CPU.Build.0 = Debug|Any CPU
		{C455C8BC-A27B-492C-A681-7730B2C1F1A0}.Debug|x86.ActiveCfg = Debug|Any CPU
		{C455C8BC-A27B-492C-A681-7730B2C1F1A0}.Debug|x86.Build.0 = Debug|Any CPU
		{C455C8BC-A27B-492C-A681-7730B2C1F1A0}.Release|Any CPU.ActiveCfg = Release|Any CPU
		{C455C8BC-A27B-492C-A681-7730B2C1F1A0}.Release|Any CPU.Build.0 = Release|Any CPU
		{C455C8BC-A27B-492C-A681-7730B2C1F1A0}.Release|x86.ActiveCfg = Release|Any CPU
		{C455C8BC-A27B-492C-A681-7730B2C1F1A0}.Release|x86.Build.0 = Release|Any CPU
		{E20F85CD-F773-4BC1-B35B-0B4F81C897F6}.Debug|Any CPU.ActiveCfg = Debug|Any CPU
		{E20F85CD-F773-4BC1-B35B-0B4F81C897F6}.Debug|Any CPU.Build.0 = Debug|Any CPU
		{E20F85CD-F773-4BC1-B35B-0B4F81C897F6}.Debug|x86.ActiveCfg = Debug|Any CPU
		{E20F85CD-F773-4BC1-B35B-0B4F81C897F6}.Debug|x86.Build.0 = Debug|Any CPU
		{E20F85CD-F773-4BC1-B35B-0B4F81C897F6}.Release|Any CPU.ActiveCfg = Release|Any CPU
		{E20F85CD-F773-4BC1-B35B-0B4F81C897F6}.Release|Any CPU.Build.0 = Release|Any CPU
		{E20F85CD-F773-4BC1-B35B-0B4F81C897F6}.Release|x86.ActiveCfg = Release|Any CPU
		{E20F85CD-F773-4BC1-B35B-0B4F81C897F6}.Release|x86.Build.0 = Release|Any CPU
		{51F8D32B-70C2-4841-AC73-EA186A34643D}.Debug|Any CPU.ActiveCfg = Debug|Any CPU
		{51F8D32B-70C2-4841-AC73-EA186A34643D}.Debug|Any CPU.Build.0 = Debug|Any CPU
		{51F8D32B-70C2-4841-AC73-EA186A34643D}.Debug|x86.ActiveCfg = Debug|Any CPU
		{51F8D32B-70C2-4841-AC73-EA186A34643D}.Debug|x86.Build.0 = Debug|Any CPU
		{51F8D32B-70C2-4841-AC73-EA186A34643D}.Release|Any CPU.ActiveCfg = Release|Any CPU
		{51F8D32B-70C2-4841-AC73-EA186A34643D}.Release|Any CPU.Build.0 = Release|Any CPU
		{51F8D32B-70C2-4841-AC73-EA186A34643D}.Release|x86.ActiveCfg = Release|Any CPU
		{51F8D32B-70C2-4841-AC73-EA186A34643D}.Release|x86.Build.0 = Release|Any CPU
		{CA36EFD5-02E0-4943-8A8D-9FEF2F36C41C}.Debug|Any CPU.ActiveCfg = Debug|Any CPU
		{CA36EFD5-02E0-4943-8A8D-9FEF2F36C41C}.Debug|Any CPU.Build.0 = Debug|Any CPU
		{CA36EFD5-02E0-4943-8A8D-9FEF2F36C41C}.Debug|x86.ActiveCfg = Debug|Any CPU
		{CA36EFD5-02E0-4943-8A8D-9FEF2F36C41C}.Debug|x86.Build.0 = Debug|Any CPU
		{CA36EFD5-02E0-4943-8A8D-9FEF2F36C41C}.Release|Any CPU.ActiveCfg = Release|Any CPU
		{CA36EFD5-02E0-4943-8A8D-9FEF2F36C41C}.Release|Any CPU.Build.0 = Release|Any CPU
		{CA36EFD5-02E0-4943-8A8D-9FEF2F36C41C}.Release|x86.ActiveCfg = Release|Any CPU
		{CA36EFD5-02E0-4943-8A8D-9FEF2F36C41C}.Release|x86.Build.0 = Release|Any CPU
		{049BFF88-EAE3-4584-821D-DA51BA684C22}.Debug|Any CPU.ActiveCfg = Debug|Any CPU
		{049BFF88-EAE3-4584-821D-DA51BA684C22}.Debug|Any CPU.Build.0 = Debug|Any CPU
		{049BFF88-EAE3-4584-821D-DA51BA684C22}.Debug|x86.ActiveCfg = Debug|Any CPU
		{049BFF88-EAE3-4584-821D-DA51BA684C22}.Debug|x86.Build.0 = Debug|Any CPU
		{049BFF88-EAE3-4584-821D-DA51BA684C22}.Release|Any CPU.ActiveCfg = Release|Any CPU
		{049BFF88-EAE3-4584-821D-DA51BA684C22}.Release|Any CPU.Build.0 = Release|Any CPU
		{049BFF88-EAE3-4584-821D-DA51BA684C22}.Release|x86.ActiveCfg = Release|Any CPU
		{049BFF88-EAE3-4584-821D-DA51BA684C22}.Release|x86.Build.0 = Release|Any CPU
		{59A105AA-EF8A-4351-A138-6CAADF3E568C}.Debug|Any CPU.ActiveCfg = Debug|Any CPU
		{59A105AA-EF8A-4351-A138-6CAADF3E568C}.Debug|Any CPU.Build.0 = Debug|Any CPU
		{59A105AA-EF8A-4351-A138-6CAADF3E568C}.Debug|x86.ActiveCfg = Debug|Any CPU
		{59A105AA-EF8A-4351-A138-6CAADF3E568C}.Debug|x86.Build.0 = Debug|Any CPU
		{59A105AA-EF8A-4351-A138-6CAADF3E568C}.Release|Any CPU.ActiveCfg = Release|Any CPU
		{59A105AA-EF8A-4351-A138-6CAADF3E568C}.Release|Any CPU.Build.0 = Release|Any CPU
		{59A105AA-EF8A-4351-A138-6CAADF3E568C}.Release|x86.ActiveCfg = Release|Any CPU
		{59A105AA-EF8A-4351-A138-6CAADF3E568C}.Release|x86.Build.0 = Release|Any CPU
		{5DA4DDD2-2BC9-4A51-9585-F0569C9BD16E}.Debug|Any CPU.ActiveCfg = Debug|Any CPU
		{5DA4DDD2-2BC9-4A51-9585-F0569C9BD16E}.Debug|Any CPU.Build.0 = Debug|Any CPU
		{5DA4DDD2-2BC9-4A51-9585-F0569C9BD16E}.Debug|x86.ActiveCfg = Debug|Any CPU
		{5DA4DDD2-2BC9-4A51-9585-F0569C9BD16E}.Debug|x86.Build.0 = Debug|Any CPU
		{5DA4DDD2-2BC9-4A51-9585-F0569C9BD16E}.Release|Any CPU.ActiveCfg = Release|Any CPU
		{5DA4DDD2-2BC9-4A51-9585-F0569C9BD16E}.Release|Any CPU.Build.0 = Release|Any CPU
		{5DA4DDD2-2BC9-4A51-9585-F0569C9BD16E}.Release|x86.ActiveCfg = Release|Any CPU
		{5DA4DDD2-2BC9-4A51-9585-F0569C9BD16E}.Release|x86.Build.0 = Release|Any CPU
		{71721082-4EA9-4F50-A1D2-1DFAE09FA6E8}.Debug|Any CPU.ActiveCfg = Debug|Any CPU
		{71721082-4EA9-4F50-A1D2-1DFAE09FA6E8}.Debug|Any CPU.Build.0 = Debug|Any CPU
		{71721082-4EA9-4F50-A1D2-1DFAE09FA6E8}.Debug|x86.ActiveCfg = Debug|Any CPU
		{71721082-4EA9-4F50-A1D2-1DFAE09FA6E8}.Debug|x86.Build.0 = Debug|Any CPU
		{71721082-4EA9-4F50-A1D2-1DFAE09FA6E8}.Release|Any CPU.ActiveCfg = Release|Any CPU
		{71721082-4EA9-4F50-A1D2-1DFAE09FA6E8}.Release|Any CPU.Build.0 = Release|Any CPU
		{71721082-4EA9-4F50-A1D2-1DFAE09FA6E8}.Release|x86.ActiveCfg = Release|Any CPU
		{71721082-4EA9-4F50-A1D2-1DFAE09FA6E8}.Release|x86.Build.0 = Release|Any CPU
		{EF9068EA-E64D-4100-B7E2-7535D8EDC2BC}.Debug|Any CPU.ActiveCfg = Debug|Any CPU
		{EF9068EA-E64D-4100-B7E2-7535D8EDC2BC}.Debug|Any CPU.Build.0 = Debug|Any CPU
		{EF9068EA-E64D-4100-B7E2-7535D8EDC2BC}.Debug|x86.ActiveCfg = Debug|Any CPU
		{EF9068EA-E64D-4100-B7E2-7535D8EDC2BC}.Debug|x86.Build.0 = Debug|Any CPU
		{EF9068EA-E64D-4100-B7E2-7535D8EDC2BC}.Release|Any CPU.ActiveCfg = Release|Any CPU
		{EF9068EA-E64D-4100-B7E2-7535D8EDC2BC}.Release|Any CPU.Build.0 = Release|Any CPU
		{EF9068EA-E64D-4100-B7E2-7535D8EDC2BC}.Release|x86.ActiveCfg = Release|Any CPU
		{EF9068EA-E64D-4100-B7E2-7535D8EDC2BC}.Release|x86.Build.0 = Release|Any CPU
	EndGlobalSection
	GlobalSection(SolutionProperties) = preSolution
		HideSolutionNode = FALSE
	EndGlobalSection
	GlobalSection(NestedProjects) = preSolution
		{E12C7EF5-C2F1-4A14-AD3D-8163996CF4E2} = {A62FEEAD-DADE-471B-9D29-988524CD2D27}
		{30C370BE-753D-4621-B700-5F6D5615985E} = {A62FEEAD-DADE-471B-9D29-988524CD2D27}
		{2BB8C4EA-F724-4D40-B26E-CF1C71864E99} = {78EF2BD9-17B9-4F4E-ABF5-FFA4274B2B3A}
		{F4BECDBC-5DBB-4F25-8BED-C454DC1E21F0} = {78EF2BD9-17B9-4F4E-ABF5-FFA4274B2B3A}
		{2D683B5D-A096-4EFA-A9A8-1A87586C70FB} = {7B180CA6-5012-46DD-A373-A0A2DAAC717E}
		{9F94B9CC-DDFA-4D3D-B995-1FFE4A193E1B} = {7B180CA6-5012-46DD-A373-A0A2DAAC717E}
		{837B6E96-07FF-47A3-931C-12C5FBEA7920} = {7B180CA6-5012-46DD-A373-A0A2DAAC717E}
		{E4A4D3B7-BA0C-4E5F-805C-87A22D03A097} = {3B72C0A8-60E5-411F-AD5E-539A29C5B5FF}
		{E24BECF1-67BF-4EB9-B4A6-0D1FE98C736F} = {E4A4D3B7-BA0C-4E5F-805C-87A22D03A097}
		{ACBB4D2E-EE22-4CC7-98BF-D62BA8325155} = {E4A4D3B7-BA0C-4E5F-805C-87A22D03A097}
		{0F018EAC-94AB-4508-904B-AD2D19ED6FA4} = {E4A4D3B7-BA0C-4E5F-805C-87A22D03A097}
		{78EF2BD9-17B9-4F4E-ABF5-FFA4274B2B3A} = {3B72C0A8-60E5-411F-AD5E-539A29C5B5FF}
		{95E0C3EC-5FBC-4293-8A77-9986D1DCC9EF} = {3B72C0A8-60E5-411F-AD5E-539A29C5B5FF}
		{D363D0D6-75CC-49E0-B598-F91C4E4EFE1D} = {95E0C3EC-5FBC-4293-8A77-9986D1DCC9EF}
		{32EDC70D-A093-4746-98FC-7934C5C7EA39} = {95E0C3EC-5FBC-4293-8A77-9986D1DCC9EF}
		{82FCC562-5765-49DF-9AD4-C97B21D6DEA3} = {E4A4D3B7-BA0C-4E5F-805C-87A22D03A097}
		{A62FEEAD-DADE-471B-9D29-988524CD2D27} = {3EF446A4-2A4D-4903-BC84-97C3944A21B6}
		{1BEC21E1-372D-4A38-9DFF-7FCD2E1265B7} = {3EF446A4-2A4D-4903-BC84-97C3944A21B6}
		{AA172CCD-81AE-4A38-A9D5-6EB44F2DC3A6} = {B02734C5-1909-4559-A5AA-34203B8ACAF3}
		{8ADEF6D0-4364-4987-A3F8-6E0858848B64} = {B02734C5-1909-4559-A5AA-34203B8ACAF3}
		{FE77EFE4-F772-4BCF-BD5C-F926398ABDFC} = {B02734C5-1909-4559-A5AA-34203B8ACAF3}
		{7B180CA6-5012-46DD-A373-A0A2DAAC717E} = {6758B310-8C1F-45C6-B0E2-AA6C9D9EC233}
		{F39FE29D-92BC-48AA-B41F-F368AC2ECF52} = {6758B310-8C1F-45C6-B0E2-AA6C9D9EC233}
		{14CF1CF8-924E-4141-B87D-6FD19B78B9FC} = {F39FE29D-92BC-48AA-B41F-F368AC2ECF52}
		{0B97C0C6-E988-4D54-B1BD-9AA80AEF3467} = {F39FE29D-92BC-48AA-B41F-F368AC2ECF52}
		{503D0FD3-1037-4F88-A942-2C83EE8965E9} = {F39FE29D-92BC-48AA-B41F-F368AC2ECF52}
		{F1CA9D47-5B53-43F0-BF4D-27CF73D53A7F} = {1BEC21E1-372D-4A38-9DFF-7FCD2E1265B7}
		{3B6C1574-3D0F-49A1-9DE6-3315EC09D20B} = {F1CA9D47-5B53-43F0-BF4D-27CF73D53A7F}
		{B02734C5-1909-4559-A5AA-34203B8ACAF3} = {1BEC21E1-372D-4A38-9DFF-7FCD2E1265B7}
		{E45C7399-2193-47D1-9E97-BA7C495C9F20} = {F1CA9D47-5B53-43F0-BF4D-27CF73D53A7F}
		{336C92D1-CF17-4960-9A45-577A81C9AACE} = {F1CA9D47-5B53-43F0-BF4D-27CF73D53A7F}
		{6014E0C1-09BA-4886-A943-4B84334F95A7} = {A62FEEAD-DADE-471B-9D29-988524CD2D27}
		{C958F5EF-6988-42C4-8F65-C382C7650CC5} = {A62FEEAD-DADE-471B-9D29-988524CD2D27}
		{7BCAEC29-4361-4DBA-A30A-9AC5159DE875} = {ABC32F08-7806-4465-8D8E-D6571C574614}
		{BE6515A7-A852-4921-BDE0-C12BEED62B81} = {3EF446A4-2A4D-4903-BC84-97C3944A21B6}
		{131678DE-197E-4239-BE99-199BE664810D} = {BE6515A7-A852-4921-BDE0-C12BEED62B81}
		{4B1352B3-CA52-4BF0-9B8C-16E0923115C6} = {131678DE-197E-4239-BE99-199BE664810D}
		{554511BB-50A3-4AE0-BAB4-D50256407FB8} = {4B1352B3-CA52-4BF0-9B8C-16E0923115C6}
		{3E1B90EA-1933-410E-8045-4DAFD2897091} = {4B1352B3-CA52-4BF0-9B8C-16E0923115C6}
		{1A4C3DAE-1564-4E75-9FFE-7F3B9970534F} = {BE6515A7-A852-4921-BDE0-C12BEED62B81}
		{ED2AFAF9-A6C6-421C-9ED7-550684F649B0} = {1A4C3DAE-1564-4E75-9FFE-7F3B9970534F}
		{556E5D97-AB44-4AD1-B168-8A58F42E5D17} = {1A4C3DAE-1564-4E75-9FFE-7F3B9970534F}
		{766BDD23-76AB-481D-B43C-058445845140} = {BE6515A7-A852-4921-BDE0-C12BEED62B81}
		{3A4EE9D7-4574-4793-A2AB-43E9FDD4DF31} = {766BDD23-76AB-481D-B43C-058445845140}
		{36FCC8DC-C75C-491B-B807-B443F7A07724} = {766BDD23-76AB-481D-B43C-058445845140}
		{B9394EA4-0AEC-4E23-8174-CE184E11A7FD} = {BE6515A7-A852-4921-BDE0-C12BEED62B81}
		{E5AC4151-9A86-4D53-AF2C-0F44C59290AE} = {BE6515A7-A852-4921-BDE0-C12BEED62B81}
		{716EF91F-FC9B-4EE7-8B15-CBDD338A7BFA} = {B9394EA4-0AEC-4E23-8174-CE184E11A7FD}
		{0EA4FE1B-E054-4F2C-A071-5A5F2A83E0A2} = {B9394EA4-0AEC-4E23-8174-CE184E11A7FD}
		{4F3C90A8-AD9B-480B-AC39-05ACFEB34306} = {B9394EA4-0AEC-4E23-8174-CE184E11A7FD}
		{6E7F4AB3-BD30-429C-9A9C-EE6E169CBE6C} = {E5AC4151-9A86-4D53-AF2C-0F44C59290AE}
		{8F30E8FA-C999-4455-AE85-29F6B6C3FCD5} = {E5AC4151-9A86-4D53-AF2C-0F44C59290AE}
		{4267D0C4-24C4-4045-933D-A5CB7D5D0EE0} = {BE6515A7-A852-4921-BDE0-C12BEED62B81}
		{F17BFFD8-68A5-4019-93FC-9FB0664CA3DD} = {BE6515A7-A852-4921-BDE0-C12BEED62B81}
		{ADB546BA-6CAD-4F19-B70B-F67A88335468} = {BE6515A7-A852-4921-BDE0-C12BEED62B81}
		{EEC33700-82A7-472A-8F52-945891F63FBA} = {09048CBE-A6E1-4981-8E8E-2687510DEA62}
		{C455C8BC-A27B-492C-A681-7730B2C1F1A0} = {3EF446A4-2A4D-4903-BC84-97C3944A21B6}
		{CEC66BCE-C153-4B45-8A46-5459FEBD93F1} = {3B72C0A8-60E5-411F-AD5E-539A29C5B5FF}
		{406AC452-2E70-4D95-B313-1563B31C97B8} = {CEC66BCE-C153-4B45-8A46-5459FEBD93F1}
		{A59AF60F-A3D7-408D-AABC-65EE3003E167} = {CEC66BCE-C153-4B45-8A46-5459FEBD93F1}
		{1F74F9A8-1305-4045-A6F7-EB8E35838F5E} = {CEC66BCE-C153-4B45-8A46-5459FEBD93F1}
		{D49BB99E-0351-4C63-95CA-F6033697CBDA} = {CEC66BCE-C153-4B45-8A46-5459FEBD93F1}
		{E20F85CD-F773-4BC1-B35B-0B4F81C897F6} = {1F74F9A8-1305-4045-A6F7-EB8E35838F5E}
		{51F8D32B-70C2-4841-AC73-EA186A34643D} = {1F74F9A8-1305-4045-A6F7-EB8E35838F5E}
		{CA36EFD5-02E0-4943-8A8D-9FEF2F36C41C} = {1F74F9A8-1305-4045-A6F7-EB8E35838F5E}
		{1A6B6F94-65DF-4F4B-93E3-E07831032335} = {CEC66BCE-C153-4B45-8A46-5459FEBD93F1}
		{049BFF88-EAE3-4584-821D-DA51BA684C22} = {1A6B6F94-65DF-4F4B-93E3-E07831032335}
		{59A105AA-EF8A-4351-A138-6CAADF3E568C} = {1A6B6F94-65DF-4F4B-93E3-E07831032335}
		{5DA4DDD2-2BC9-4A51-9585-F0569C9BD16E} = {1A6B6F94-65DF-4F4B-93E3-E07831032335}
		{71721082-4EA9-4F50-A1D2-1DFAE09FA6E8} = {406AC452-2E70-4D95-B313-1563B31C97B8}
		{EF9068EA-E64D-4100-B7E2-7535D8EDC2BC} = {9EBA7C76-B7D4-40A7-86F8-D666A9D747BA}
	EndGlobalSection
EndGlobal
