
Microsoft Visual Studio Solution File, Format Version 12.00
# Visual Studio 14
VisualStudioVersion = 14.0.25420.1
MinimumVisualStudioVersion = 10.0.40219.1
Project("{FAE04EC0-301F-11D3-BF4B-00C04F79EFBC}") = "lbmhfxrcv", "lbmhfxrcv\lbmhfxrcv.csproj", "{062245DF-1DAF-45D7-BE9C-30902A0E3565}"
EndProject
Project("{FAE04EC0-301F-11D3-BF4B-00C04F79EFBC}") = "lbmimsg", "lbmimsg\lbmimsg.csproj", "{73FAC93B-6127-4FB8-B365-6DAAFA1F33E1}"
EndProject
Project("{FAE04EC0-301F-11D3-BF4B-00C04F79EFBC}") = "lbmmon", "lbmmon\lbmmon.csproj", "{CBB1D5AA-471C-4AB2-93DC-37C6C3E9BC35}"
EndProject
Project("{FAE04EC0-301F-11D3-BF4B-00C04F79EFBC}") = "lbmmrcv", "lbmmrcv\lbmmrcv.csproj", "{47295BB9-0CF9-4AD0-9711-E3CB3A3870CA}"
EndProject
Project("{FAE04EC0-301F-11D3-BF4B-00C04F79EFBC}") = "lbmmsrc", "lbmmsrc\lbmmsrc.csproj", "{FF747E62-F235-4EAC-9581-B584E642DCBB}"
EndProject
Project("{FAE04EC0-301F-11D3-BF4B-00C04F79EFBC}") = "lbmpong", "lbmpong\lbmpong.csproj", "{76026FCC-3152-4559-86F0-C16B4C7ED951}"
EndProject
Project("{FAE04EC0-301F-11D3-BF4B-00C04F79EFBC}") = "lbmrcv", "lbmrcv\lbmrcv.csproj", "{D7ADB31A-F02D-4984-8A42-16BE3012B2F4}"
EndProject
Project("{FAE04EC0-301F-11D3-BF4B-00C04F79EFBC}") = "lbmreq", "lbmreq\lbmreq.csproj", "{CA877E4F-1B08-476C-B57F-862834E13CDD}"
EndProject
Project("{FAE04EC0-301F-11D3-BF4B-00C04F79EFBC}") = "lbmresp", "lbmresp\lbmresp.csproj", "{F43F1EFE-688B-492E-9B33-821FC9F09AE4}"
EndProject
Project("{FAE04EC0-301F-11D3-BF4B-00C04F79EFBC}") = "lbmsrc", "lbmsrc\lbmsrc.csproj", "{251C6F83-789B-478F-8C6D-F3BD2406232F}"
EndProject
Project("{FAE04EC0-301F-11D3-BF4B-00C04F79EFBC}") = "lbmtrreq", "lbmtrreq\lbmtrreq.csproj", "{7CBEDDC3-BB75-4FF6-B1C8-AB7FEA6E4D1D}"
EndProject
Project("{FAE04EC0-301F-11D3-BF4B-00C04F79EFBC}") = "lbmwrcv", "lbmwrcv\lbmwrcv.csproj", "{DA1A1EB1-4B8F-464F-AE02-1C8E1926DC0F}"
EndProject
Project("{FAE04EC0-301F-11D3-BF4B-00C04F79EFBC}") = "umeblock", "umeblock\umeblock.csproj", "{148D471F-3FED-4F61-A475-1CB2B27F812F}"
EndProject
Project("{FAE04EC0-301F-11D3-BF4B-00C04F79EFBC}") = "umercv", "umercv\umercv.csproj", "{521BE7E1-F8A9-47F4-8D21-90BE4D9E7CC5}"
EndProject
Project("{FAE04EC0-301F-11D3-BF4B-00C04F79EFBC}") = "umesrc", "umesrc\umesrc.csproj", "{AD79271E-791F-4ADE-AB9A-4BB5A90EB4DF}"
EndProject
Project("{FAE04EC0-301F-11D3-BF4B-00C04F79EFBC}") = "umqrcv", "umqrcv\umqrcv.csproj", "{9C499E03-89AF-4475-A447-CEC98EDEFDA2}"
EndProject
Project("{FAE04EC0-301F-11D3-BF4B-00C04F79EFBC}") = "umqsrc", "umqsrc\umqsrc.csproj", "{8FC379E5-460A-4C2F-B1DC-B142FB519826}"
EndProject
Project("{FAE04EC0-301F-11D3-BF4B-00C04F79EFBC}") = "lbmExampleUtil", "lbmExampleUtil\lbmExampleUtil.csproj", "{D6C4C624-C3F4-4EC1-AC6B-8D928B255CC1}"
EndProject
Project("{2150E333-8FDC-42A3-9474-1A3956D46DE8}") = "Quick Start", "Quick Start", "{BB84E612-46BF-4F88-BC8E-E77AE1C09A6A}"
EndProject
Project("{2150E333-8FDC-42A3-9474-1A3956D46DE8}") = "LBM License-Key", "LBM License-Key", "{482BF1D2-3F83-48DD-9BAB-9563AFAE7478}"
	ProjectSection(SolutionItems) = preProject
		License-Key\lbm-config-GUI.ini = License-Key\lbm-config-GUI.ini
		License-Key\lbm-config-Reactor.ini = License-Key\lbm-config-Reactor.ini
		License-Key\license-UME.txt = License-Key\license-UME.txt
	EndProjectSection
EndProject
Project("{2150E333-8FDC-42A3-9474-1A3956D46DE8}") = "Minimal Example", "Minimal Example", "{D42B8813-1E45-4EEC-B251-8A94848A84E8}"
EndProject
Project("{FAE04EC0-301F-11D3-BF4B-00C04F79EFBC}") = "MinRcv", "MinRcv\MinRcv.csproj", "{EFA6077D-C866-4B84-9C89-6F264C9FC925}"
EndProject
Project("{FAE04EC0-301F-11D3-BF4B-00C04F79EFBC}") = "MinSrc", "MinSrc\MinSrc.csproj", "{FFDBF400-1C4C-4476-97BD-93FCFD36B7F2}"
EndProject
Project("{2150E333-8FDC-42A3-9474-1A3956D46DE8}") = "REQ-REP", "REQ-REP", "{807E73DC-0B7E-42E1-B770-EB7E5E8DF57F}"
EndProject
Project("{2150E333-8FDC-42A3-9474-1A3956D46DE8}") = "Multiple Topics", "Multiple Topics", "{25CD56CC-C2DE-4F1E-A5D3-92D31A6C89E6}"
EndProject
Project("{2150E333-8FDC-42A3-9474-1A3956D46DE8}") = "LBM statistics monitoring", "LBM statistics monitoring", "{BFACA51B-D17A-4D93-B6B3-546182C511D8}"
EndProject
Project("{2150E333-8FDC-42A3-9474-1A3956D46DE8}") = "Wildcard receiver", "Wildcard receiver", "{7D7B9D88-4C87-4FE7-A12A-2E1AB74030EB}"
EndProject
Project("{2150E333-8FDC-42A3-9474-1A3956D46DE8}") = "Solution Items", "Solution Items", "{84D9E6C2-4F91-4303-8E8B-37B4121B0F9D}"
	ProjectSection(SolutionItems) = preProject
		LBMDemo-ReadMe.txt = LBMDemo-ReadMe.txt
	EndProjectSection
EndProject
Project("{2150E333-8FDC-42A3-9474-1A3956D46DE8}") = "UMExamples", "UMExamples", "{4BAA3B6D-40B6-41E0-A6AF-B27BF1094C2E}"
	ProjectSection(SolutionItems) = preProject
		ReadMe.txt = ReadMe.txt
	EndProjectSection
EndProject
Project("{FAE04EC0-301F-11D3-BF4B-00C04F79EFBC}") = "CancellingTimers", "CancellingTimers\CancellingTimers.csproj", "{20DE0FA4-5060-43B1-ABD7-FF46673213E0}"
EndProject
Project("{FAE04EC0-301F-11D3-BF4B-00C04F79EFBC}") = "check_flight_size_ewouldblock", "check_flight_size_ewouldblock\check_flight_size_ewouldblock.csproj", "{7F4DF55F-D070-48BD-A9F4-977EFD54226C}"
EndProject
Project("{FAE04EC0-301F-11D3-BF4B-00C04F79EFBC}") = "CleanShutdown", "CleanShutdown\CleanShutdown.csproj", "{F73930CC-BDA9-4FAD-BA54-5AE3DFAB427E}"
EndProject
Project("{FAE04EC0-301F-11D3-BF4B-00C04F79EFBC}") = "dump_attributes", "dump_attributes\dump_attributes.csproj", "{E1E72A32-5927-44C3-8231-41AE9A9F94B9}"
EndProject
Project("{FAE04EC0-301F-11D3-BF4B-00C04F79EFBC}") = "event_q_rcv", "event_q_rcv\event_q_rcv.csproj", "{E936C635-9877-4D3A-B7AE-19E769FDCFFE}"
EndProject
Project("{FAE04EC0-301F-11D3-BF4B-00C04F79EFBC}") = "event_q_src", "event_q_src\event_q_src.csproj", "{EF85BADD-FD1B-4D27-A98D-C78C1AD3DFB2}"
EndProject
Project("{FAE04EC0-301F-11D3-BF4B-00C04F79EFBC}") = "handle_burst", "handle_burst\handle_burst.csproj", "{0F96AB74-3A3B-4D91-8336-E978355556C4}"
EndProject
Project("{FAE04EC0-301F-11D3-BF4B-00C04F79EFBC}") = "late_join", "late_join\late_join.csproj", "{E7231A9E-C76A-4EA2-A40B-59A0CEA06B2F}"
EndProject
Project("{FAE04EC0-301F-11D3-BF4B-00C04F79EFBC}") = "load_config", "load_config\load_config.csproj", "{6D1E824A-6C8B-419F-89EB-F4834E4F7499}"
EndProject
Project("{FAE04EC0-301F-11D3-BF4B-00C04F79EFBC}") = "logging_callback", "logging_callback\logging_callback.csproj", "{1E2042AE-D36A-4E3C-A0CA-DC84E8F206B5}"
EndProject
Project("{FAE04EC0-301F-11D3-BF4B-00C04F79EFBC}") = "MinimalPublisher", "MinimalPublisher\MinimalPublisher.csproj", "{024D9185-A289-4FF2-AD28-59D3A020CA83}"
EndProject
Project("{FAE04EC0-301F-11D3-BF4B-00C04F79EFBC}") = "multi_context", "multi_context\multi_context.csproj", "{27172DD7-150F-43DC-A45D-92F1AECF3A18}"
EndProject
Project("{FAE04EC0-301F-11D3-BF4B-00C04F79EFBC}") = "no_source_notify", "no_source_notify\no_source_notify.csproj", "{66016469-486A-4EA4-B2AA-DFADF5C4DA57}"
EndProject
Project("{FAE04EC0-301F-11D3-BF4B-00C04F79EFBC}") = "quorum_state", "quorum_state\quorum_state.csproj", "{6780E0F4-B663-45EC-BB14-CFBD78880384}"
EndProject
Project("{FAE04EC0-301F-11D3-BF4B-00C04F79EFBC}") = "request_response", "request_response\request_response.csproj", "{FB83F402-07CC-4AB8-9D70-5CB1E2379B51}"
EndProject
Project("{FAE04EC0-301F-11D3-BF4B-00C04F79EFBC}") = "schedule_timers", "schedule_timers\schedule_timers.csproj", "{FA15A5DF-1E7F-4654-935B-464CE7EFD34C}"
EndProject
Project("{FAE04EC0-301F-11D3-BF4B-00C04F79EFBC}") = "seq_number_callback", "seq_number_callback\seq_number_callback.csproj", "{F06E1950-A11E-446D-A6EE-2B4B1FB33445}"
EndProject
Project("{FAE04EC0-301F-11D3-BF4B-00C04F79EFBC}") = "sequential_mode", "sequential_mode\sequential_mode.csproj", "{02A608D9-494E-4BD4-AC5D-812857A09F82}"
EndProject
Project("{FAE04EC0-301F-11D3-BF4B-00C04F79EFBC}") = "setting_attributes", "setting_attributes\setting_attributes.csproj", "{CACD293E-0C23-4D96-BB9A-6BDF730D5566}"
EndProject
Project("{FAE04EC0-301F-11D3-BF4B-00C04F79EFBC}") = "ump_receiver_callbacks", "ump_receiver_callbacks\ump_receiver_callbacks.csproj", "{7D1BD409-753C-4AD6-A130-2AD78C0B039E}"
EndProject
Project("{2150E333-8FDC-42A3-9474-1A3956D46DE8}") = "Typhon", "Typhon", "{374FE6D2-E327-4495-9B0C-0A388BBA1CD0}"
EndProject
Project("{2150E333-8FDC-42A3-9474-1A3956D46DE8}") = "PubSub", "PubSub", "{1E6381BB-EDE6-4422-8178-5ACD550CE95D}"
EndProject
Project("{2150E333-8FDC-42A3-9474-1A3956D46DE8}") = "ReqRep", "ReqRep", "{E49068F9-F523-4D38-965E-5FF28570BCFA}"
EndProject
Project("{2150E333-8FDC-42A3-9474-1A3956D46DE8}") = "OneWay", "OneWay", "{56F2272E-43AF-4999-BF8D-41BAFF48EBD3}"
EndProject
Project("{2150E333-8FDC-42A3-9474-1A3956D46DE8}") = "Duplex", "Duplex", "{14BD5697-D4DE-401E-8E94-546970F2F849}"
EndProject
Project("{FAE04EC0-301F-11D3-BF4B-00C04F79EFBC}") = "PubSub", "PubSub\PubSub.csproj", "{1B275416-9684-4202-9E2C-730698891A2A}"
EndProject
Project("{FAE04EC0-301F-11D3-BF4B-00C04F79EFBC}") = "ReqRep", "ReqRep\ReqRep.csproj", "{885EBDDB-E3F0-4304-900A-4D4E11402317}"
EndProject
Global
	GlobalSection(SolutionConfigurationPlatforms) = preSolution
		Debug|Any CPU = Debug|Any CPU
		Release|Any CPU = Release|Any CPU
	EndGlobalSection
	GlobalSection(ProjectConfigurationPlatforms) = postSolution
		{062245DF-1DAF-45D7-BE9C-30902A0E3565}.Debug|Any CPU.ActiveCfg = Debug|Any CPU
		{062245DF-1DAF-45D7-BE9C-30902A0E3565}.Debug|Any CPU.Build.0 = Debug|Any CPU
		{062245DF-1DAF-45D7-BE9C-30902A0E3565}.Release|Any CPU.ActiveCfg = Release|Any CPU
		{062245DF-1DAF-45D7-BE9C-30902A0E3565}.Release|Any CPU.Build.0 = Release|Any CPU
		{73FAC93B-6127-4FB8-B365-6DAAFA1F33E1}.Debug|Any CPU.ActiveCfg = Debug|Any CPU
		{73FAC93B-6127-4FB8-B365-6DAAFA1F33E1}.Debug|Any CPU.Build.0 = Debug|Any CPU
		{73FAC93B-6127-4FB8-B365-6DAAFA1F33E1}.Release|Any CPU.ActiveCfg = Release|Any CPU
		{73FAC93B-6127-4FB8-B365-6DAAFA1F33E1}.Release|Any CPU.Build.0 = Release|Any CPU
		{CBB1D5AA-471C-4AB2-93DC-37C6C3E9BC35}.Debug|Any CPU.ActiveCfg = Debug|Any CPU
		{CBB1D5AA-471C-4AB2-93DC-37C6C3E9BC35}.Debug|Any CPU.Build.0 = Debug|Any CPU
		{CBB1D5AA-471C-4AB2-93DC-37C6C3E9BC35}.Release|Any CPU.ActiveCfg = Release|Any CPU
		{CBB1D5AA-471C-4AB2-93DC-37C6C3E9BC35}.Release|Any CPU.Build.0 = Release|Any CPU
		{47295BB9-0CF9-4AD0-9711-E3CB3A3870CA}.Debug|Any CPU.ActiveCfg = Debug|Any CPU
		{47295BB9-0CF9-4AD0-9711-E3CB3A3870CA}.Debug|Any CPU.Build.0 = Debug|Any CPU
		{47295BB9-0CF9-4AD0-9711-E3CB3A3870CA}.Release|Any CPU.ActiveCfg = Release|Any CPU
		{47295BB9-0CF9-4AD0-9711-E3CB3A3870CA}.Release|Any CPU.Build.0 = Release|Any CPU
		{FF747E62-F235-4EAC-9581-B584E642DCBB}.Debug|Any CPU.ActiveCfg = Debug|Any CPU
		{FF747E62-F235-4EAC-9581-B584E642DCBB}.Debug|Any CPU.Build.0 = Debug|Any CPU
		{FF747E62-F235-4EAC-9581-B584E642DCBB}.Release|Any CPU.ActiveCfg = Release|Any CPU
		{FF747E62-F235-4EAC-9581-B584E642DCBB}.Release|Any CPU.Build.0 = Release|Any CPU
		{76026FCC-3152-4559-86F0-C16B4C7ED951}.Debug|Any CPU.ActiveCfg = Debug|Any CPU
		{76026FCC-3152-4559-86F0-C16B4C7ED951}.Debug|Any CPU.Build.0 = Debug|Any CPU
		{76026FCC-3152-4559-86F0-C16B4C7ED951}.Release|Any CPU.ActiveCfg = Release|Any CPU
		{76026FCC-3152-4559-86F0-C16B4C7ED951}.Release|Any CPU.Build.0 = Release|Any CPU
		{D7ADB31A-F02D-4984-8A42-16BE3012B2F4}.Debug|Any CPU.ActiveCfg = Debug|Any CPU
		{D7ADB31A-F02D-4984-8A42-16BE3012B2F4}.Debug|Any CPU.Build.0 = Debug|Any CPU
		{D7ADB31A-F02D-4984-8A42-16BE3012B2F4}.Release|Any CPU.ActiveCfg = Release|Any CPU
		{D7ADB31A-F02D-4984-8A42-16BE3012B2F4}.Release|Any CPU.Build.0 = Release|Any CPU
		{CA877E4F-1B08-476C-B57F-862834E13CDD}.Debug|Any CPU.ActiveCfg = Debug|Any CPU
		{CA877E4F-1B08-476C-B57F-862834E13CDD}.Debug|Any CPU.Build.0 = Debug|Any CPU
		{CA877E4F-1B08-476C-B57F-862834E13CDD}.Release|Any CPU.ActiveCfg = Release|Any CPU
		{CA877E4F-1B08-476C-B57F-862834E13CDD}.Release|Any CPU.Build.0 = Release|Any CPU
		{F43F1EFE-688B-492E-9B33-821FC9F09AE4}.Debug|Any CPU.ActiveCfg = Debug|Any CPU
		{F43F1EFE-688B-492E-9B33-821FC9F09AE4}.Debug|Any CPU.Build.0 = Debug|Any CPU
		{F43F1EFE-688B-492E-9B33-821FC9F09AE4}.Release|Any CPU.ActiveCfg = Release|Any CPU
		{F43F1EFE-688B-492E-9B33-821FC9F09AE4}.Release|Any CPU.Build.0 = Release|Any CPU
		{251C6F83-789B-478F-8C6D-F3BD2406232F}.Debug|Any CPU.ActiveCfg = Debug|Any CPU
		{251C6F83-789B-478F-8C6D-F3BD2406232F}.Debug|Any CPU.Build.0 = Debug|Any CPU
		{251C6F83-789B-478F-8C6D-F3BD2406232F}.Release|Any CPU.ActiveCfg = Release|Any CPU
		{251C6F83-789B-478F-8C6D-F3BD2406232F}.Release|Any CPU.Build.0 = Release|Any CPU
		{7CBEDDC3-BB75-4FF6-B1C8-AB7FEA6E4D1D}.Debug|Any CPU.ActiveCfg = Debug|Any CPU
		{7CBEDDC3-BB75-4FF6-B1C8-AB7FEA6E4D1D}.Debug|Any CPU.Build.0 = Debug|Any CPU
		{7CBEDDC3-BB75-4FF6-B1C8-AB7FEA6E4D1D}.Release|Any CPU.ActiveCfg = Release|Any CPU
		{7CBEDDC3-BB75-4FF6-B1C8-AB7FEA6E4D1D}.Release|Any CPU.Build.0 = Release|Any CPU
		{DA1A1EB1-4B8F-464F-AE02-1C8E1926DC0F}.Debug|Any CPU.ActiveCfg = Debug|Any CPU
		{DA1A1EB1-4B8F-464F-AE02-1C8E1926DC0F}.Debug|Any CPU.Build.0 = Debug|Any CPU
		{DA1A1EB1-4B8F-464F-AE02-1C8E1926DC0F}.Release|Any CPU.ActiveCfg = Release|Any CPU
		{DA1A1EB1-4B8F-464F-AE02-1C8E1926DC0F}.Release|Any CPU.Build.0 = Release|Any CPU
		{148D471F-3FED-4F61-A475-1CB2B27F812F}.Debug|Any CPU.ActiveCfg = Debug|Any CPU
		{148D471F-3FED-4F61-A475-1CB2B27F812F}.Debug|Any CPU.Build.0 = Debug|Any CPU
		{148D471F-3FED-4F61-A475-1CB2B27F812F}.Release|Any CPU.ActiveCfg = Release|Any CPU
		{148D471F-3FED-4F61-A475-1CB2B27F812F}.Release|Any CPU.Build.0 = Release|Any CPU
		{521BE7E1-F8A9-47F4-8D21-90BE4D9E7CC5}.Debug|Any CPU.ActiveCfg = Debug|Any CPU
		{521BE7E1-F8A9-47F4-8D21-90BE4D9E7CC5}.Debug|Any CPU.Build.0 = Debug|Any CPU
		{521BE7E1-F8A9-47F4-8D21-90BE4D9E7CC5}.Release|Any CPU.ActiveCfg = Release|Any CPU
		{521BE7E1-F8A9-47F4-8D21-90BE4D9E7CC5}.Release|Any CPU.Build.0 = Release|Any CPU
		{AD79271E-791F-4ADE-AB9A-4BB5A90EB4DF}.Debug|Any CPU.ActiveCfg = Debug|Any CPU
		{AD79271E-791F-4ADE-AB9A-4BB5A90EB4DF}.Debug|Any CPU.Build.0 = Debug|Any CPU
		{AD79271E-791F-4ADE-AB9A-4BB5A90EB4DF}.Release|Any CPU.ActiveCfg = Release|Any CPU
		{AD79271E-791F-4ADE-AB9A-4BB5A90EB4DF}.Release|Any CPU.Build.0 = Release|Any CPU
		{9C499E03-89AF-4475-A447-CEC98EDEFDA2}.Debug|Any CPU.ActiveCfg = Debug|Any CPU
		{9C499E03-89AF-4475-A447-CEC98EDEFDA2}.Debug|Any CPU.Build.0 = Debug|Any CPU
		{9C499E03-89AF-4475-A447-CEC98EDEFDA2}.Release|Any CPU.ActiveCfg = Release|Any CPU
		{9C499E03-89AF-4475-A447-CEC98EDEFDA2}.Release|Any CPU.Build.0 = Release|Any CPU
		{8FC379E5-460A-4C2F-B1DC-B142FB519826}.Debug|Any CPU.ActiveCfg = Debug|Any CPU
		{8FC379E5-460A-4C2F-B1DC-B142FB519826}.Debug|Any CPU.Build.0 = Debug|Any CPU
		{8FC379E5-460A-4C2F-B1DC-B142FB519826}.Release|Any CPU.ActiveCfg = Release|Any CPU
		{8FC379E5-460A-4C2F-B1DC-B142FB519826}.Release|Any CPU.Build.0 = Release|Any CPU
		{D6C4C624-C3F4-4EC1-AC6B-8D928B255CC1}.Debug|Any CPU.ActiveCfg = Debug|Any CPU
		{D6C4C624-C3F4-4EC1-AC6B-8D928B255CC1}.Debug|Any CPU.Build.0 = Debug|Any CPU
		{D6C4C624-C3F4-4EC1-AC6B-8D928B255CC1}.Release|Any CPU.ActiveCfg = Release|Any CPU
		{D6C4C624-C3F4-4EC1-AC6B-8D928B255CC1}.Release|Any CPU.Build.0 = Release|Any CPU
		{EFA6077D-C866-4B84-9C89-6F264C9FC925}.Debug|Any CPU.ActiveCfg = Debug|Any CPU
		{EFA6077D-C866-4B84-9C89-6F264C9FC925}.Debug|Any CPU.Build.0 = Debug|Any CPU
		{EFA6077D-C866-4B84-9C89-6F264C9FC925}.Release|Any CPU.ActiveCfg = Release|Any CPU
		{EFA6077D-C866-4B84-9C89-6F264C9FC925}.Release|Any CPU.Build.0 = Release|Any CPU
		{FFDBF400-1C4C-4476-97BD-93FCFD36B7F2}.Debug|Any CPU.ActiveCfg = Debug|Any CPU
		{FFDBF400-1C4C-4476-97BD-93FCFD36B7F2}.Debug|Any CPU.Build.0 = Debug|Any CPU
		{FFDBF400-1C4C-4476-97BD-93FCFD36B7F2}.Release|Any CPU.ActiveCfg = Release|Any CPU
		{FFDBF400-1C4C-4476-97BD-93FCFD36B7F2}.Release|Any CPU.Build.0 = Release|Any CPU
		{20DE0FA4-5060-43B1-ABD7-FF46673213E0}.Debug|Any CPU.ActiveCfg = Debug|Any CPU
		{20DE0FA4-5060-43B1-ABD7-FF46673213E0}.Debug|Any CPU.Build.0 = Debug|Any CPU
		{20DE0FA4-5060-43B1-ABD7-FF46673213E0}.Release|Any CPU.ActiveCfg = Release|Any CPU
		{20DE0FA4-5060-43B1-ABD7-FF46673213E0}.Release|Any CPU.Build.0 = Release|Any CPU
		{7F4DF55F-D070-48BD-A9F4-977EFD54226C}.Debug|Any CPU.ActiveCfg = Debug|Any CPU
		{7F4DF55F-D070-48BD-A9F4-977EFD54226C}.Debug|Any CPU.Build.0 = Debug|Any CPU
		{7F4DF55F-D070-48BD-A9F4-977EFD54226C}.Release|Any CPU.ActiveCfg = Release|Any CPU
		{7F4DF55F-D070-48BD-A9F4-977EFD54226C}.Release|Any CPU.Build.0 = Release|Any CPU
		{F73930CC-BDA9-4FAD-BA54-5AE3DFAB427E}.Debug|Any CPU.ActiveCfg = Debug|Any CPU
		{F73930CC-BDA9-4FAD-BA54-5AE3DFAB427E}.Debug|Any CPU.Build.0 = Debug|Any CPU
		{F73930CC-BDA9-4FAD-BA54-5AE3DFAB427E}.Release|Any CPU.ActiveCfg = Release|Any CPU
		{F73930CC-BDA9-4FAD-BA54-5AE3DFAB427E}.Release|Any CPU.Build.0 = Release|Any CPU
		{E1E72A32-5927-44C3-8231-41AE9A9F94B9}.Debug|Any CPU.ActiveCfg = Debug|Any CPU
		{E1E72A32-5927-44C3-8231-41AE9A9F94B9}.Debug|Any CPU.Build.0 = Debug|Any CPU
		{E1E72A32-5927-44C3-8231-41AE9A9F94B9}.Release|Any CPU.ActiveCfg = Release|Any CPU
		{E1E72A32-5927-44C3-8231-41AE9A9F94B9}.Release|Any CPU.Build.0 = Release|Any CPU
		{E936C635-9877-4D3A-B7AE-19E769FDCFFE}.Debug|Any CPU.ActiveCfg = Debug|Any CPU
		{E936C635-9877-4D3A-B7AE-19E769FDCFFE}.Debug|Any CPU.Build.0 = Debug|Any CPU
		{E936C635-9877-4D3A-B7AE-19E769FDCFFE}.Release|Any CPU.ActiveCfg = Release|Any CPU
		{E936C635-9877-4D3A-B7AE-19E769FDCFFE}.Release|Any CPU.Build.0 = Release|Any CPU
		{EF85BADD-FD1B-4D27-A98D-C78C1AD3DFB2}.Debug|Any CPU.ActiveCfg = Debug|Any CPU
		{EF85BADD-FD1B-4D27-A98D-C78C1AD3DFB2}.Debug|Any CPU.Build.0 = Debug|Any CPU
		{EF85BADD-FD1B-4D27-A98D-C78C1AD3DFB2}.Release|Any CPU.ActiveCfg = Release|Any CPU
		{EF85BADD-FD1B-4D27-A98D-C78C1AD3DFB2}.Release|Any CPU.Build.0 = Release|Any CPU
		{0F96AB74-3A3B-4D91-8336-E978355556C4}.Debug|Any CPU.ActiveCfg = Debug|Any CPU
		{0F96AB74-3A3B-4D91-8336-E978355556C4}.Debug|Any CPU.Build.0 = Debug|Any CPU
		{0F96AB74-3A3B-4D91-8336-E978355556C4}.Release|Any CPU.ActiveCfg = Release|Any CPU
		{0F96AB74-3A3B-4D91-8336-E978355556C4}.Release|Any CPU.Build.0 = Release|Any CPU
		{E7231A9E-C76A-4EA2-A40B-59A0CEA06B2F}.Debug|Any CPU.ActiveCfg = Debug|Any CPU
		{E7231A9E-C76A-4EA2-A40B-59A0CEA06B2F}.Debug|Any CPU.Build.0 = Debug|Any CPU
		{E7231A9E-C76A-4EA2-A40B-59A0CEA06B2F}.Release|Any CPU.ActiveCfg = Release|Any CPU
		{E7231A9E-C76A-4EA2-A40B-59A0CEA06B2F}.Release|Any CPU.Build.0 = Release|Any CPU
		{6D1E824A-6C8B-419F-89EB-F4834E4F7499}.Debug|Any CPU.ActiveCfg = Debug|Any CPU
		{6D1E824A-6C8B-419F-89EB-F4834E4F7499}.Debug|Any CPU.Build.0 = Debug|Any CPU
		{6D1E824A-6C8B-419F-89EB-F4834E4F7499}.Release|Any CPU.ActiveCfg = Release|Any CPU
		{6D1E824A-6C8B-419F-89EB-F4834E4F7499}.Release|Any CPU.Build.0 = Release|Any CPU
		{1E2042AE-D36A-4E3C-A0CA-DC84E8F206B5}.Debug|Any CPU.ActiveCfg = Debug|Any CPU
		{1E2042AE-D36A-4E3C-A0CA-DC84E8F206B5}.Debug|Any CPU.Build.0 = Debug|Any CPU
		{1E2042AE-D36A-4E3C-A0CA-DC84E8F206B5}.Release|Any CPU.ActiveCfg = Release|Any CPU
		{1E2042AE-D36A-4E3C-A0CA-DC84E8F206B5}.Release|Any CPU.Build.0 = Release|Any CPU
		{024D9185-A289-4FF2-AD28-59D3A020CA83}.Debug|Any CPU.ActiveCfg = Debug|Any CPU
		{024D9185-A289-4FF2-AD28-59D3A020CA83}.Debug|Any CPU.Build.0 = Debug|Any CPU
		{024D9185-A289-4FF2-AD28-59D3A020CA83}.Release|Any CPU.ActiveCfg = Release|Any CPU
		{024D9185-A289-4FF2-AD28-59D3A020CA83}.Release|Any CPU.Build.0 = Release|Any CPU
		{27172DD7-150F-43DC-A45D-92F1AECF3A18}.Debug|Any CPU.ActiveCfg = Debug|Any CPU
		{27172DD7-150F-43DC-A45D-92F1AECF3A18}.Debug|Any CPU.Build.0 = Debug|Any CPU
		{27172DD7-150F-43DC-A45D-92F1AECF3A18}.Release|Any CPU.ActiveCfg = Release|Any CPU
		{27172DD7-150F-43DC-A45D-92F1AECF3A18}.Release|Any CPU.Build.0 = Release|Any CPU
		{66016469-486A-4EA4-B2AA-DFADF5C4DA57}.Debug|Any CPU.ActiveCfg = Debug|Any CPU
		{66016469-486A-4EA4-B2AA-DFADF5C4DA57}.Debug|Any CPU.Build.0 = Debug|Any CPU
		{66016469-486A-4EA4-B2AA-DFADF5C4DA57}.Release|Any CPU.ActiveCfg = Release|Any CPU
		{66016469-486A-4EA4-B2AA-DFADF5C4DA57}.Release|Any CPU.Build.0 = Release|Any CPU
		{6780E0F4-B663-45EC-BB14-CFBD78880384}.Debug|Any CPU.ActiveCfg = Debug|Any CPU
		{6780E0F4-B663-45EC-BB14-CFBD78880384}.Debug|Any CPU.Build.0 = Debug|Any CPU
		{6780E0F4-B663-45EC-BB14-CFBD78880384}.Release|Any CPU.ActiveCfg = Release|Any CPU
		{6780E0F4-B663-45EC-BB14-CFBD78880384}.Release|Any CPU.Build.0 = Release|Any CPU
		{FB83F402-07CC-4AB8-9D70-5CB1E2379B51}.Debug|Any CPU.ActiveCfg = Debug|Any CPU
		{FB83F402-07CC-4AB8-9D70-5CB1E2379B51}.Debug|Any CPU.Build.0 = Debug|Any CPU
		{FB83F402-07CC-4AB8-9D70-5CB1E2379B51}.Release|Any CPU.ActiveCfg = Release|Any CPU
		{FB83F402-07CC-4AB8-9D70-5CB1E2379B51}.Release|Any CPU.Build.0 = Release|Any CPU
		{FA15A5DF-1E7F-4654-935B-464CE7EFD34C}.Debug|Any CPU.ActiveCfg = Debug|Any CPU
		{FA15A5DF-1E7F-4654-935B-464CE7EFD34C}.Debug|Any CPU.Build.0 = Debug|Any CPU
		{FA15A5DF-1E7F-4654-935B-464CE7EFD34C}.Release|Any CPU.ActiveCfg = Release|Any CPU
		{FA15A5DF-1E7F-4654-935B-464CE7EFD34C}.Release|Any CPU.Build.0 = Release|Any CPU
		{F06E1950-A11E-446D-A6EE-2B4B1FB33445}.Debug|Any CPU.ActiveCfg = Debug|Any CPU
		{F06E1950-A11E-446D-A6EE-2B4B1FB33445}.Debug|Any CPU.Build.0 = Debug|Any CPU
		{F06E1950-A11E-446D-A6EE-2B4B1FB33445}.Release|Any CPU.ActiveCfg = Release|Any CPU
		{F06E1950-A11E-446D-A6EE-2B4B1FB33445}.Release|Any CPU.Build.0 = Release|Any CPU
		{02A608D9-494E-4BD4-AC5D-812857A09F82}.Debug|Any CPU.ActiveCfg = Debug|Any CPU
		{02A608D9-494E-4BD4-AC5D-812857A09F82}.Debug|Any CPU.Build.0 = Debug|Any CPU
		{02A608D9-494E-4BD4-AC5D-812857A09F82}.Release|Any CPU.ActiveCfg = Release|Any CPU
		{02A608D9-494E-4BD4-AC5D-812857A09F82}.Release|Any CPU.Build.0 = Release|Any CPU
		{CACD293E-0C23-4D96-BB9A-6BDF730D5566}.Debug|Any CPU.ActiveCfg = Debug|Any CPU
		{CACD293E-0C23-4D96-BB9A-6BDF730D5566}.Debug|Any CPU.Build.0 = Debug|Any CPU
		{CACD293E-0C23-4D96-BB9A-6BDF730D5566}.Release|Any CPU.ActiveCfg = Release|Any CPU
		{CACD293E-0C23-4D96-BB9A-6BDF730D5566}.Release|Any CPU.Build.0 = Release|Any CPU
		{7D1BD409-753C-4AD6-A130-2AD78C0B039E}.Debug|Any CPU.ActiveCfg = Debug|Any CPU
		{7D1BD409-753C-4AD6-A130-2AD78C0B039E}.Debug|Any CPU.Build.0 = Debug|Any CPU
		{7D1BD409-753C-4AD6-A130-2AD78C0B039E}.Release|Any CPU.ActiveCfg = Release|Any CPU
		{7D1BD409-753C-4AD6-A130-2AD78C0B039E}.Release|Any CPU.Build.0 = Release|Any CPU
		{1B275416-9684-4202-9E2C-730698891A2A}.Debug|Any CPU.ActiveCfg = Debug|Any CPU
		{1B275416-9684-4202-9E2C-730698891A2A}.Debug|Any CPU.Build.0 = Debug|Any CPU
		{1B275416-9684-4202-9E2C-730698891A2A}.Release|Any CPU.ActiveCfg = Release|Any CPU
		{1B275416-9684-4202-9E2C-730698891A2A}.Release|Any CPU.Build.0 = Release|Any CPU
		{885EBDDB-E3F0-4304-900A-4D4E11402317}.Debug|Any CPU.ActiveCfg = Debug|Any CPU
		{885EBDDB-E3F0-4304-900A-4D4E11402317}.Debug|Any CPU.Build.0 = Debug|Any CPU
		{885EBDDB-E3F0-4304-900A-4D4E11402317}.Release|Any CPU.ActiveCfg = Release|Any CPU
		{885EBDDB-E3F0-4304-900A-4D4E11402317}.Release|Any CPU.Build.0 = Release|Any CPU
	EndGlobalSection
	GlobalSection(SolutionProperties) = preSolution
		HideSolutionNode = FALSE
	EndGlobalSection
	GlobalSection(NestedProjects) = preSolution
		{CBB1D5AA-471C-4AB2-93DC-37C6C3E9BC35} = {BFACA51B-D17A-4D93-B6B3-546182C511D8}
		{47295BB9-0CF9-4AD0-9711-E3CB3A3870CA} = {25CD56CC-C2DE-4F1E-A5D3-92D31A6C89E6}
		{FF747E62-F235-4EAC-9581-B584E642DCBB} = {25CD56CC-C2DE-4F1E-A5D3-92D31A6C89E6}
		{D7ADB31A-F02D-4984-8A42-16BE3012B2F4} = {BB84E612-46BF-4F88-BC8E-E77AE1C09A6A}
		{CA877E4F-1B08-476C-B57F-862834E13CDD} = {807E73DC-0B7E-42E1-B770-EB7E5E8DF57F}
		{F43F1EFE-688B-492E-9B33-821FC9F09AE4} = {807E73DC-0B7E-42E1-B770-EB7E5E8DF57F}
		{251C6F83-789B-478F-8C6D-F3BD2406232F} = {BB84E612-46BF-4F88-BC8E-E77AE1C09A6A}
		{DA1A1EB1-4B8F-464F-AE02-1C8E1926DC0F} = {7D7B9D88-4C87-4FE7-A12A-2E1AB74030EB}
		{EFA6077D-C866-4B84-9C89-6F264C9FC925} = {D42B8813-1E45-4EEC-B251-8A94848A84E8}
		{FFDBF400-1C4C-4476-97BD-93FCFD36B7F2} = {D42B8813-1E45-4EEC-B251-8A94848A84E8}
		{20DE0FA4-5060-43B1-ABD7-FF46673213E0} = {4BAA3B6D-40B6-41E0-A6AF-B27BF1094C2E}
		{7F4DF55F-D070-48BD-A9F4-977EFD54226C} = {4BAA3B6D-40B6-41E0-A6AF-B27BF1094C2E}
		{F73930CC-BDA9-4FAD-BA54-5AE3DFAB427E} = {4BAA3B6D-40B6-41E0-A6AF-B27BF1094C2E}
		{E1E72A32-5927-44C3-8231-41AE9A9F94B9} = {4BAA3B6D-40B6-41E0-A6AF-B27BF1094C2E}
		{E936C635-9877-4D3A-B7AE-19E769FDCFFE} = {4BAA3B6D-40B6-41E0-A6AF-B27BF1094C2E}
		{EF85BADD-FD1B-4D27-A98D-C78C1AD3DFB2} = {4BAA3B6D-40B6-41E0-A6AF-B27BF1094C2E}
		{0F96AB74-3A3B-4D91-8336-E978355556C4} = {4BAA3B6D-40B6-41E0-A6AF-B27BF1094C2E}
		{E7231A9E-C76A-4EA2-A40B-59A0CEA06B2F} = {4BAA3B6D-40B6-41E0-A6AF-B27BF1094C2E}
		{6D1E824A-6C8B-419F-89EB-F4834E4F7499} = {4BAA3B6D-40B6-41E0-A6AF-B27BF1094C2E}
		{1E2042AE-D36A-4E3C-A0CA-DC84E8F206B5} = {4BAA3B6D-40B6-41E0-A6AF-B27BF1094C2E}
		{024D9185-A289-4FF2-AD28-59D3A020CA83} = {4BAA3B6D-40B6-41E0-A6AF-B27BF1094C2E}
		{27172DD7-150F-43DC-A45D-92F1AECF3A18} = {4BAA3B6D-40B6-41E0-A6AF-B27BF1094C2E}
		{66016469-486A-4EA4-B2AA-DFADF5C4DA57} = {4BAA3B6D-40B6-41E0-A6AF-B27BF1094C2E}
		{6780E0F4-B663-45EC-BB14-CFBD78880384} = {4BAA3B6D-40B6-41E0-A6AF-B27BF1094C2E}
		{FB83F402-07CC-4AB8-9D70-5CB1E2379B51} = {4BAA3B6D-40B6-41E0-A6AF-B27BF1094C2E}
		{FA15A5DF-1E7F-4654-935B-464CE7EFD34C} = {4BAA3B6D-40B6-41E0-A6AF-B27BF1094C2E}
		{F06E1950-A11E-446D-A6EE-2B4B1FB33445} = {4BAA3B6D-40B6-41E0-A6AF-B27BF1094C2E}
		{02A608D9-494E-4BD4-AC5D-812857A09F82} = {4BAA3B6D-40B6-41E0-A6AF-B27BF1094C2E}
		{CACD293E-0C23-4D96-BB9A-6BDF730D5566} = {4BAA3B6D-40B6-41E0-A6AF-B27BF1094C2E}
		{7D1BD409-753C-4AD6-A130-2AD78C0B039E} = {4BAA3B6D-40B6-41E0-A6AF-B27BF1094C2E}
		{1E6381BB-EDE6-4422-8178-5ACD550CE95D} = {374FE6D2-E327-4495-9B0C-0A388BBA1CD0}
		{E49068F9-F523-4D38-965E-5FF28570BCFA} = {374FE6D2-E327-4495-9B0C-0A388BBA1CD0}
		{56F2272E-43AF-4999-BF8D-41BAFF48EBD3} = {374FE6D2-E327-4495-9B0C-0A388BBA1CD0}
		{14BD5697-D4DE-401E-8E94-546970F2F849} = {374FE6D2-E327-4495-9B0C-0A388BBA1CD0}
		{1B275416-9684-4202-9E2C-730698891A2A} = {1E6381BB-EDE6-4422-8178-5ACD550CE95D}
		{885EBDDB-E3F0-4304-900A-4D4E11402317} = {E49068F9-F523-4D38-965E-5FF28570BCFA}
	EndGlobalSection
EndGlobal
