
Microsoft Visual Studio Solution File, Format Version 12.00
# Visual Studio 15
VisualStudioVersion = 15.0.26228.4
MinimumVisualStudioVersion = 10.0.40219.1
Project("{FAE04EC0-301F-11D3-BF4B-00C04F79EFBC}") = "AsynchronousOperations", "AsynchronousOperations\AsynchronousOperations.csproj", "{38E6DAF8-D90A-43D4-92BE-90FE0FBF5751}"
EndProject
Project("{FAE04EC0-301F-11D3-BF4B-00C04F79EFBC}") = "WPF_Sleep_Delay", "WPF_Sleep_Delay\WPF_Sleep_Delay.csproj", "{492760AE-7355-4066-AD83-FC5028EE2AF3}"
EndProject
Global
	GlobalSection(SolutionConfigurationPlatforms) = preSolution
		Debug|Any CPU = Debug|Any CPU
		Release|Any CPU = Release|Any CPU
	EndGlobalSection
	GlobalSection(ProjectConfigurationPlatforms) = postSolution
		{38E6DAF8-D90A-43D4-92BE-90FE0FBF5751}.Debug|Any CPU.ActiveCfg = Debug|Any CPU
		{38E6DAF8-D90A-43D4-92BE-90FE0FBF5751}.Debug|Any CPU.Build.0 = Debug|Any CPU
		{38E6DAF8-D90A-43D4-92BE-90FE0FBF5751}.Release|Any CPU.ActiveCfg = Release|Any CPU
		{38E6DAF8-D90A-43D4-92BE-90FE0FBF5751}.Release|Any CPU.Build.0 = Release|Any CPU
		{492760AE-7355-4066-AD83-FC5028EE2AF3}.Debug|Any CPU.ActiveCfg = Debug|Any CPU
		{492760AE-7355-4066-AD83-FC5028EE2AF3}.Debug|Any CPU.Build.0 = Debug|Any CPU
		{492760AE-7355-4066-AD83-FC5028EE2AF3}.Release|Any CPU.ActiveCfg = Release|Any CPU
		{492760AE-7355-4066-AD83-FC5028EE2AF3}.Release|Any CPU.Build.0 = Release|Any CPU
	EndGlobalSection
	GlobalSection(SolutionProperties) = preSolution
		HideSolutionNode = FALSE
	EndGlobalSection
EndGlobal
