
Microsoft Visual Studio Solution File, Format Version 12.00
# Visual Studio 14
VisualStudioVersion = 14.0.25420.1
MinimumVisualStudioVersion = 10.0.40219.1
Project("{2150E333-8FDC-42A3-9474-1A3956D46DE8}") = "Named Pipes", "Named Pipes", "{4DDD5577-9CA4-4AE0-8330-A240268225FF}"
	ProjectSection(SolutionItems) = preProject
		README.md = README.md
	EndProjectSection
EndProject
Project("{FAE04EC0-301F-11D3-BF4B-00C04F79EFBC}") = "PipeServer", "PipeServer\PipeServer.csproj", "{AEB03391-9207-4ED3-8B3D-85DAEA5EC885}"
EndProject
Project("{FAE04EC0-301F-11D3-BF4B-00C04F79EFBC}") = "PipeClient", "PipeClient\PipeClient.csproj", "{45D40609-6D51-43D0-9E6F-5E4FBCAF05E7}"
EndProject
Global
	GlobalSection(SolutionConfigurationPlatforms) = preSolution
		Debug|Any CPU = Debug|Any CPU
		Release|Any CPU = Release|Any CPU
	EndGlobalSection
	GlobalSection(ProjectConfigurationPlatforms) = postSolution
		{AEB03391-9207-4ED3-8B3D-85DAEA5EC885}.Debug|Any CPU.ActiveCfg = Debug|Any CPU
		{AEB03391-9207-4ED3-8B3D-85DAEA5EC885}.Debug|Any CPU.Build.0 = Debug|Any CPU
		{AEB03391-9207-4ED3-8B3D-85DAEA5EC885}.Release|Any CPU.ActiveCfg = Release|Any CPU
		{AEB03391-9207-4ED3-8B3D-85DAEA5EC885}.Release|Any CPU.Build.0 = Release|Any CPU
		{45D40609-6D51-43D0-9E6F-5E4FBCAF05E7}.Debug|Any CPU.ActiveCfg = Debug|Any CPU
		{45D40609-6D51-43D0-9E6F-5E4FBCAF05E7}.Debug|Any CPU.Build.0 = Debug|Any CPU
		{45D40609-6D51-43D0-9E6F-5E4FBCAF05E7}.Release|Any CPU.ActiveCfg = Release|Any CPU
		{45D40609-6D51-43D0-9E6F-5E4FBCAF05E7}.Release|Any CPU.Build.0 = Release|Any CPU
	EndGlobalSection
	GlobalSection(SolutionProperties) = preSolution
		HideSolutionNode = FALSE
	EndGlobalSection
	GlobalSection(NestedProjects) = preSolution
		{AEB03391-9207-4ED3-8B3D-85DAEA5EC885} = {4DDD5577-9CA4-4AE0-8330-A240268225FF}
		{45D40609-6D51-43D0-9E6F-5E4FBCAF05E7} = {4DDD5577-9CA4-4AE0-8330-A240268225FF}
	EndGlobalSection
EndGlobal
