
Microsoft Visual Studio Solution File, Format Version 12.00
# Visual Studio 14
VisualStudioVersion = 14.0.25123.0
MinimumVisualStudioVersion = 10.0.40219.1
Project("{FAE04EC0-301F-11D3-BF4B-00C04F79EFBC}") = "Redis_ServiceStack", "Redis_ServiceStack\Redis_ServiceStack.csproj", "{814F071C-6425-4137-9577-1B7E43AA1328}"
EndProject
Project("{FAE04EC0-301F-11D3-BF4B-00C04F79EFBC}") = "Redis_StackExchange", "Redis_StackExchange\Redis_StackExchange.csproj", "{09B69271-C2B2-47B7-9AD3-DD9DEBB03E65}"
EndProject
Global
	GlobalSection(SolutionConfigurationPlatforms) = preSolution
		Debug|Any CPU = Debug|Any CPU
		Release|Any CPU = Release|Any CPU
	EndGlobalSection
	GlobalSection(ProjectConfigurationPlatforms) = postSolution
		{814F071C-6425-4137-9577-1B7E43AA1328}.Debug|Any CPU.ActiveCfg = Debug|Any CPU
		{814F071C-6425-4137-9577-1B7E43AA1328}.Debug|Any CPU.Build.0 = Debug|Any CPU
		{814F071C-6425-4137-9577-1B7E43AA1328}.Release|Any CPU.ActiveCfg = Release|Any CPU
		{814F071C-6425-4137-9577-1B7E43AA1328}.Release|Any CPU.Build.0 = Release|Any CPU
		{09B69271-C2B2-47B7-9AD3-DD9DEBB03E65}.Debug|Any CPU.ActiveCfg = Debug|Any CPU
		{09B69271-C2B2-47B7-9AD3-DD9DEBB03E65}.Debug|Any CPU.Build.0 = Debug|Any CPU
		{09B69271-C2B2-47B7-9AD3-DD9DEBB03E65}.Release|Any CPU.ActiveCfg = Release|Any CPU
		{09B69271-C2B2-47B7-9AD3-DD9DEBB03E65}.Release|Any CPU.Build.0 = Release|Any CPU
	EndGlobalSection
	GlobalSection(SolutionProperties) = preSolution
		HideSolutionNode = FALSE
	EndGlobalSection
EndGlobal
